// !$*UTF8*$!
{
	archiveVersion = 1;
	classes = {
	};
	objectVersion = 46;
	objects = {

/* Begin PBXBuildFile section */
		464C28A815E2231D003F4BD2 /* UIKit.framework in Frameworks */ = {isa = PBXBuildFile; fileRef = 464C28A715E2231D003F4BD2 /* UIKit.framework */; };
		464C28AA15E2231D003F4BD2 /* Foundation.framework in Frameworks */ = {isa = PBXBuildFile; fileRef = 464C28A915E2231D003F4BD2 /* Foundation.framework */; };
		464C28AC15E2231D003F4BD2 /* CoreGraphics.framework in Frameworks */ = {isa = PBXBuildFile; fileRef = 464C28AB15E2231D003F4BD2 /* CoreGraphics.framework */; };
		464C28B215E2231D003F4BD2 /* InfoPlist.strings in Resources */ = {isa = PBXBuildFile; fileRef = 464C28B015E2231D003F4BD2 /* InfoPlist.strings */; };
		464C28B415E2231D003F4BD2 /* main.m in Sources */ = {isa = PBXBuildFile; fileRef = 464C28B315E2231D003F4BD2 /* main.m */; };
		464C28B815E2231D003F4BD2 /* AppDelegate.m in Sources */ = {isa = PBXBuildFile; fileRef = 464C28B715E2231D003F4BD2 /* AppDelegate.m */; };
		464C28BB15E2231D003F4BD2 /* ViewController.m in Sources */ = {isa = PBXBuildFile; fileRef = 464C28BA15E2231D003F4BD2 /* ViewController.m */; };
		464C28BE15E2231D003F4BD2 /* ViewController.xib in Resources */ = {isa = PBXBuildFile; fileRef = 464C28BC15E2231D003F4BD2 /* ViewController.xib */; };
/* End PBXBuildFile section */

/* Begin PBXFileReference section */
		464C28A315E2231D003F4BD2 /* TwitterAPI.app */ = {isa = PBXFileReference; explicitFileType = wrapper.application; includeInIndex = 0; path = TwitterAPI.app; sourceTree = BUILT_PRODUCTS_DIR; };
		464C28A715E2231D003F4BD2 /* UIKit.framework */ = {isa = PBXFileReference; lastKnownFileType = wrapper.framework; name = UIKit.framework; path = System/Library/Frameworks/UIKit.framework; sourceTree = SDKROOT; };
		464C28A915E2231D003F4BD2 /* Foundation.framework */ = {isa = PBXFileReference; lastKnownFileType = wrapper.framework; name = Foundation.framework; path = System/Library/Frameworks/Foundation.framework; sourceTree = SDKROOT; };
		464C28AB15E2231D003F4BD2 /* CoreGraphics.framework */ = {isa = PBXFileReference; lastKnownFileType = wrapper.framework; name = CoreGraphics.framework; path = System/Library/Frameworks/CoreGraphics.framework; sourceTree = SDKROOT; };
		464C28AF15E2231D003F4BD2 /* TwitterAPI-Info.plist */ = {isa = PBXFileReference; lastKnownFileType = text.plist.xml; path = "TwitterAPI-Info.plist"; sourceTree = "<group>"; };
		464C28B115E2231D003F4BD2 /* en */ = {isa = PBXFileReference; lastKnownFileType = text.plist.strings; name = en; path = en.lproj/InfoPlist.strings; sourceTree = "<group>"; };
		464C28B315E2231D003F4BD2 /* main.m */ = {isa = PBXFileReference; lastKnownFileType = sourcecode.c.objc; path = main.m; sourceTree = "<group>"; };
		464C28B515E2231D003F4BD2 /* TwitterAPI-Prefix.pch */ = {isa = PBXFileReference; lastKnownFileType = sourcecode.c.h; path = "TwitterAPI-Prefix.pch"; sourceTree = "<group>"; };
		464C28B615E2231D003F4BD2 /* AppDelegate.h */ = {isa = PBXFileReference; lastKnownFileType = sourcecode.c.h; path = AppDelegate.h; sourceTree = "<group>"; };
		464C28B715E2231D003F4BD2 /* AppDelegate.m */ = {isa = PBXFileReference; lastKnownFileType = sourcecode.c.objc; path = AppDelegate.m; sourceTree = "<group>"; };
		464C28B915E2231D003F4BD2 /* ViewController.h */ = {isa = PBXFileReference; lastKnownFileType = sourcecode.c.h; path = ViewController.h; sourceTree = "<group>"; };
		464C28BA15E2231D003F4BD2 /* ViewController.m */ = {isa = PBXFileReference; lastKnownFileType = sourcecode.c.objc; path = ViewController.m; sourceTree = "<group>"; };
		464C28BD15E2231D003F4BD2 /* en */ = {isa = PBXFileReference; lastKnownFileType = file.xib; name = en; path = en.lproj/ViewController.xib; sourceTree = "<group>"; };
/* End PBXFileReference section */

/* Begin PBXFrameworksBuildPhase section */
		464C28A015E2231C003F4BD2 /* Frameworks */ = {
			isa = PBXFrameworksBuildPhase;
			buildActionMask = 2147483647;
			files = (
				464C28A815E2231D003F4BD2 /* UIKit.framework in Frameworks */,
				464C28AA15E2231D003F4BD2 /* Foundation.framework in Frameworks */,
				464C28AC15E2231D003F4BD2 /* CoreGraphics.framework in Frameworks */,
			);
			runOnlyForDeploymentPostprocessing = 0;
		};
/* End PBXFrameworksBuildPhase section */

/* Begin PBXGroup section */
		464C289815E2231C003F4BD2 = {
			isa = PBXGroup;
			children = (
				464C28AD15E2231D003F4BD2 /* TwitterAPI */,
				464C28A615E2231D003F4BD2 /* Frameworks */,
				464C28A415E2231D003F4BD2 /* Products */,
			);
			sourceTree = "<group>";
		};
		464C28A415E2231D003F4BD2 /* Products */ = {
			isa = PBXGroup;
			children = (
				464C28A315E2231D003F4BD2 /* TwitterAPI.app */,
			);
			name = Products;
			sourceTree = "<group>";
		};
		464C28A615E2231D003F4BD2 /* Frameworks */ = {
			isa = PBXGroup;
			children = (
				464C28A715E2231D003F4BD2 /* UIKit.framework */,
				464C28A915E2231D003F4BD2 /* Foundation.framework */,
				464C28AB15E2231D003F4BD2 /* CoreGraphics.framework */,
			);
			name = Frameworks;
			sourceTree = "<group>";
		};
		464C28AD15E2231D003F4BD2 /* TwitterAPI */ = {
			isa = PBXGroup;
			children = (
				464C28B615E2231D003F4BD2 /* AppDelegate.h */,
				464C28B715E2231D003F4BD2 /* AppDelegate.m */,
				464C28B915E2231D003F4BD2 /* ViewController.h */,
				464C28BA15E2231D003F4BD2 /* ViewController.m */,
				464C28BC15E2231D003F4BD2 /* ViewController.xib */,
				464C28AE15E2231D003F4BD2 /* Supporting Files */,
			);
			path = TwitterAPI;
			sourceTree = "<group>";
		};
		464C28AE15E2231D003F4BD2 /* Supporting Files */ = {
			isa = PBXGroup;
			children = (
				464C28AF15E2231D003F4BD2 /* TwitterAPI-Info.plist */,
				464C28B015E2231D003F4BD2 /* InfoPlist.strings */,
				464C28B315E2231D003F4BD2 /* main.m */,
				464C28B515E2231D003F4BD2 /* TwitterAPI-Prefix.pch */,
			);
			name = "Supporting Files";
			sourceTree = "<group>";
		};
/* End PBXGroup section */

/* Begin PBXNativeTarget section */
		464C28A215E2231C003F4BD2 /* TwitterAPI */ = {
			isa = PBXNativeTarget;
			buildConfigurationList = 464C28C115E2231D003F4BD2 /* Build configuration list for PBXNativeTarget "TwitterAPI" */;
			buildPhases = (
				464C289F15E2231C003F4BD2 /* Sources */,
				464C28A015E2231C003F4BD2 /* Frameworks */,
				464C28A115E2231C003F4BD2 /* Resources */,
			);
			buildRules = (
			);
			dependencies = (
			);
			name = TwitterAPI;
			productName = TwitterAPI;
			productReference = 464C28A315E2231D003F4BD2 /* TwitterAPI.app */;
			productType = "com.apple.product-type.application";
		};
/* End PBXNativeTarget section */

/* Begin PBXProject section */
		464C289A15E2231C003F4BD2 /* Project object */ = {
			isa = PBXProject;
			attributes = {
				LastUpgradeCheck = 0420;
			};
			buildConfigurationList = 464C289D15E2231C003F4BD2 /* Build configuration list for PBXProject "TwitterAPI" */;
			compatibilityVersion = "Xcode 3.2";
			developmentRegion = English;
			hasScannedForEncodings = 0;
			knownRegions = (
				en,
			);
			mainGroup = 464C289815E2231C003F4BD2;
			productRefGroup = 464C28A415E2231D003F4BD2 /* Products */;
			projectDirPath = "";
			projectRoot = "";
			targets = (
				464C28A215E2231C003F4BD2 /* TwitterAPI */,
			);
		};
/* End PBXProject section */

/* Begin PBXResourcesBuildPhase section */
		464C28A115E2231C003F4BD2 /* Resources */ = {
			isa = PBXResourcesBuildPhase;
			buildActionMask = 2147483647;
			files = (
				464C28B215E2231D003F4BD2 /* InfoPlist.strings in Resources */,
				464C28BE15E2231D003F4BD2 /* ViewController.xib in Resources */,
			);
			runOnlyForDeploymentPostprocessing = 0;
		};
/* End PBXResourcesBuildPhase section */

/* Begin PBXSourcesBuildPhase section */
		464C289F15E2231C003F4BD2 /* Sources */ = {
			isa = PBXSourcesBuildPhase;
			buildActionMask = 2147483647;
			files = (
				464C28B415E2231D003F4BD2 /* main.m in Sources */,
				464C28B815E2231D003F4BD2 /* AppDelegate.m in Sources */,
				464C28BB15E2231D003F4BD2 /* ViewController.m in Sources */,
			);
			runOnlyForDeploymentPostprocessing = 0;
		};
/* End PBXSourcesBuildPhase section */

/* Begin PBXVariantGroup section */
		464C28B015E2231D003F4BD2 /* InfoPlist.strings */ = {
			isa = PBXVariantGroup;
			children = (
				464C28B115E2231D003F4BD2 /* en */,
			);
			name = InfoPlist.strings;
			sourceTree = "<group>";
		};
		464C28BC15E2231D003F4BD2 /* ViewController.xib */ = {
			isa = PBXVariantGroup;
			children = (
				464C28BD15E2231D003F4BD2 /* en */,
			);
			name = ViewController.xib;
			sourceTree = "<group>";
		};
/* End PBXVariantGroup section */

/* Begin XCBuildConfiguration section */
		464C28BF15E2231D003F4BD2 /* Debug */ = {
			isa = XCBuildConfiguration;
			buildSettings = {
				ALWAYS_SEARCH_USER_PATHS = NO;
				ARCHS = "$(ARCHS_STANDARD_32_BIT)";
				CLANG_ENABLE_OBJC_ARC = YES;
				"CODE_SIGN_IDENTITY[sdk=iphoneos*]" = "iPhone Developer";
				COPY_PHASE_STRIP = NO;
				GCC_C_LANGUAGE_STANDARD = gnu99;
				GCC_DYNAMIC_NO_PIC = NO;
				GCC_OPTIMIZATION_LEVEL = 0;
				GCC_PREPROCESSOR_DEFINITIONS = (
					"DEBUG=1",
					"$(inherited)",
				);
				GCC_SYMBOLS_PRIVATE_EXTERN = NO;
				GCC_VERSION = com.apple.compilers.llvm.clang.1_0;
				GCC_WARN_ABOUT_MISSING_PROTOTYPES = YES;
				GCC_WARN_ABOUT_RETURN_TYPE = YES;
				GCC_WARN_UNUSED_VARIABLE = YES;
				IPHONEOS_DEPLOYMENT_TARGET = 5.0;
				SDKROOT = iphoneos;
			};
			name = Debug;
		};
		464C28C015E2231D003F4BD2 /* Release */ = {
			isa = XCBuildConfiguration;
			buildSettings = {
				ALWAYS_SEARCH_USER_PATHS = NO;
				ARCHS = "$(ARCHS_STANDARD_32_BIT)";
				CLANG_ENABLE_OBJC_ARC = YES;
				"CODE_SIGN_IDENTITY[sdk=iphoneos*]" = "iPhone Developer";
				COPY_PHASE_STRIP = YES;
				GCC_C_LANGUAGE_STANDARD = gnu99;
				GCC_VERSION = com.apple.compilers.llvm.clang.1_0;
				GCC_WARN_ABOUT_MISSING_PROTOTYPES = YES;
				GCC_WARN_ABOUT_RETURN_TYPE = YES;
				GCC_WARN_UNUSED_VARIABLE = YES;
				IPHONEOS_DEPLOYMENT_TARGET = 5.0;
				OTHER_CFLAGS = "-DNS_BLOCK_ASSERTIONS=1";
				SDKROOT = iphoneos;
				VALIDATE_PRODUCT = YES;
			};
			name = Release;
		};
		464C28C215E2231D003F4BD2 /* Debug */ = {
			isa = XCBuildConfiguration;
			buildSettings = {
				GCC_PRECOMPILE_PREFIX_HEADER = YES;
				GCC_PREFIX_HEADER = "TwitterAPI/TwitterAPI-Prefix.pch";
				INFOPLIST_FILE = "TwitterAPI/TwitterAPI-Info.plist";
				PRODUCT_NAME = "$(TARGET_NAME)";
				WRAPPER_EXTENSION = app;
			};
			name = Debug;
		};
		464C28C315E2231D003F4BD2 /* Release */ = {
			isa = XCBuildConfiguration;
			buildSettings = {
				GCC_PRECOMPILE_PREFIX_HEADER = YES;
				GCC_PREFIX_HEADER = "TwitterAPI/TwitterAPI-Prefix.pch";
				INFOPLIST_FILE = "TwitterAPI/TwitterAPI-Info.plist";
				PRODUCT_NAME = "$(TARGET_NAME)";
				WRAPPER_EXTENSION = app;
			};
			name = Release;
		};
/* End XCBuildConfiguration section */

/* Begin XCConfigurationList section */
		464C289D15E2231C003F4BD2 /* Build configuration list for PBXProject "TwitterAPI" */ = {
			isa = XCConfigurationList;
			buildConfigurations = (
				464C28BF15E2231D003F4BD2 /* Debug */,
				464C28C015E2231D003F4BD2 /* Release */,
			);
			defaultConfigurationIsVisible = 0;
			defaultConfigurationName = Release;
		};
		464C28C115E2231D003F4BD2 /* Build configuration list for PBXNativeTarget "TwitterAPI" */ = {
			isa = XCConfigurationList;
			buildConfigurations = (
				464C28C215E2231D003F4BD2 /* Debug */,
				464C28C315E2231D003F4BD2 /* Release */,
			);
			defaultConfigurationIsVisible = 0;
		};
/* End XCConfigurationList section */
	};
	rootObject = 464C289A15E2231C003F4BD2 /* Project object */;
}
