// !$*UTF8*$!
{
	archiveVersion = 1;
	classes = {
	};
	objectVersion = 46;
	objects = {

/* Begin PBXBuildFile section */
		4686C9F415F48E55007BD406 /* UIKit.framework in Frameworks */ = {isa = PBXBuildFile; fileRef = 4686C9F315F48E55007BD406 /* UIKit.framework */; };
		4686C9F615F48E55007BD406 /* Foundation.framework in Frameworks */ = {isa = PBXBuildFile; fileRef = 4686C9F515F48E55007BD406 /* Foundation.framework */; };
		4686C9F815F48E55007BD406 /* CoreGraphics.framework in Frameworks */ = {isa = PBXBuildFile; fileRef = 4686C9F715F48E55007BD406 /* CoreGraphics.framework */; };
		4686C9FE15F48E55007BD406 /* InfoPlist.strings in Resources */ = {isa = PBXBuildFile; fileRef = 4686C9FC15F48E55007BD406 /* InfoPlist.strings */; };
		4686CA0015F48E55007BD406 /* main.m in Sources */ = {isa = PBXBuildFile; fileRef = 4686C9FF15F48E55007BD406 /* main.m */; };
		4686CA0415F48E55007BD406 /* AppDelegate.m in Sources */ = {isa = PBXBuildFile; fileRef = 4686CA0315F48E55007BD406 /* AppDelegate.m */; };
		4686CA0715F48E55007BD406 /* ViewController.m in Sources */ = {isa = PBXBuildFile; fileRef = 4686CA0615F48E55007BD406 /* ViewController.m */; };
		4686CA0A15F48E55007BD406 /* ViewController.xib in Resources */ = {isa = PBXBuildFile; fileRef = 4686CA0815F48E55007BD406 /* ViewController.xib */; };
/* End PBXBuildFile section */

/* Begin PBXFileReference section */
		4686C9EF15F48E55007BD406 /* USCities.app */ = {isa = PBXFileReference; explicitFileType = wrapper.application; includeInIndex = 0; path = USCities.app; sourceTree = BUILT_PRODUCTS_DIR; };
		4686C9F315F48E55007BD406 /* UIKit.framework */ = {isa = PBXFileReference; lastKnownFileType = wrapper.framework; name = UIKit.framework; path = System/Library/Frameworks/UIKit.framework; sourceTree = SDKROOT; };
		4686C9F515F48E55007BD406 /* Foundation.framework */ = {isa = PBXFileReference; lastKnownFileType = wrapper.framework; name = Foundation.framework; path = System/Library/Frameworks/Foundation.framework; sourceTree = SDKROOT; };
		4686C9F715F48E55007BD406 /* CoreGraphics.framework */ = {isa = PBXFileReference; lastKnownFileType = wrapper.framework; name = CoreGraphics.framework; path = System/Library/Frameworks/CoreGraphics.framework; sourceTree = SDKROOT; };
		4686C9FB15F48E55007BD406 /* USCities-Info.plist */ = {isa = PBXFileReference; path = "USCities-Info.plist"; sourceTree = "<group>"; };
		4686C9FD15F48E55007BD406 /* en */ = {isa = PBXFileReference; lastKnownFileType = text.plist.strings; name = en; path = en.lproj/InfoPlist.strings; sourceTree = "<group>"; };
		4686C9FF15F48E55007BD406 /* main.m */ = {isa = PBXFileReference; lastKnownFileType = sourcecode.c.objc; path = main.m; sourceTree = "<group>"; };
		4686CA0115F48E55007BD406 /* USCities-Prefix.pch */ = {isa = PBXFileReference; path = "USCities-Prefix.pch"; sourceTree = "<group>"; };
		4686CA0215F48E55007BD406 /* AppDelegate.h */ = {isa = PBXFileReference; path = AppDelegate.h; sourceTree = "<group>"; };
		4686CA0315F48E55007BD406 /* AppDelegate.m */ = {isa = PBXFileReference; lastKnownFileType = sourcecode.c.objc; path = AppDelegate.m; sourceTree = "<group>"; };
		4686CA0515F48E55007BD406 /* ViewController.h */ = {isa = PBXFileReference; path = ViewController.h; sourceTree = "<group>"; };
		4686CA0615F48E55007BD406 /* ViewController.m */ = {isa = PBXFileReference; lastKnownFileType = sourcecode.c.objc; path = ViewController.m; sourceTree = "<group>"; };
		4686CA0915F48E55007BD406 /* en */ = {isa = PBXFileReference; lastKnownFileType = file.xib; name = en; path = en.lproj/ViewController.xib; sourceTree = "<group>"; };
/* End PBXFileReference section */

/* Begin PBXFrameworksBuildPhase section */
		4686C9EC15F48E55007BD406 /* Frameworks */ = {
			isa = PBXFrameworksBuildPhase;
			buildActionMask = 2147483647;
			files = (
				4686C9F415F48E55007BD406 /* UIKit.framework in Frameworks */,
				4686C9F615F48E55007BD406 /* Foundation.framework in Frameworks */,
				4686C9F815F48E55007BD406 /* CoreGraphics.framework in Frameworks */,
			);
			runOnlyForDeploymentPostprocessing = 0;
		};
/* End PBXFrameworksBuildPhase section */

/* Begin PBXGroup section */
		4686C9E415F48E54007BD406 = {
			isa = PBXGroup;
			children = (
				4686C9F915F48E55007BD406 /* USCities */,
				4686C9F215F48E55007BD406 /* Frameworks */,
				4686C9F015F48E55007BD406 /* Products */,
			);
			sourceTree = "<group>";
		};
		4686C9F015F48E55007BD406 /* Products */ = {
			isa = PBXGroup;
			children = (
				4686C9EF15F48E55007BD406 /* USCities.app */,
			);
			name = Products;
			sourceTree = "<group>";
		};
		4686C9F215F48E55007BD406 /* Frameworks */ = {
			isa = PBXGroup;
			children = (
				4686C9F315F48E55007BD406 /* UIKit.framework */,
				4686C9F515F48E55007BD406 /* Foundation.framework */,
				4686C9F715F48E55007BD406 /* CoreGraphics.framework */,
			);
			name = Frameworks;
			sourceTree = "<group>";
		};
		4686C9F915F48E55007BD406 /* USCities */ = {
			isa = PBXGroup;
			children = (
				4686CA0215F48E55007BD406 /* AppDelegate.h */,
				4686CA0315F48E55007BD406 /* AppDelegate.m */,
				4686CA0515F48E55007BD406 /* ViewController.h */,
				4686CA0615F48E55007BD406 /* ViewController.m */,
				4686CA0815F48E55007BD406 /* ViewController.xib */,
				4686C9FA15F48E55007BD406 /* Supporting Files */,
			);
			path = USCities;
			sourceTree = "<group>";
		};
		4686C9FA15F48E55007BD406 /* Supporting Files */ = {
			isa = PBXGroup;
			children = (
				4686C9FB15F48E55007BD406 /* USCities-Info.plist */,
				4686C9FC15F48E55007BD406 /* InfoPlist.strings */,
				4686C9FF15F48E55007BD406 /* main.m */,
				4686CA0115F48E55007BD406 /* USCities-Prefix.pch */,
			);
			name = "Supporting Files";
			sourceTree = "<group>";
		};
/* End PBXGroup section */

/* Begin PBXNativeTarget section */
		4686C9EE15F48E55007BD406 /* USCities */ = {
			isa = PBXNativeTarget;
			buildConfigurationList = 4686CA0D15F48E55007BD406 /* Build configuration list for PBXNativeTarget "USCities" */;
			buildPhases = (
				4686C9EB15F48E55007BD406 /* Sources */,
				4686C9EC15F48E55007BD406 /* Frameworks */,
				4686C9ED15F48E55007BD406 /* Resources */,
			);
			buildRules = (
			);
			dependencies = (
			);
			name = USCities;
			productName = USCities;
			productReference = 4686C9EF15F48E55007BD406 /* USCities.app */;
			productType = "com.apple.product-type.application";
		};
/* End PBXNativeTarget section */

/* Begin PBXProject section */
		4686C9E615F48E54007BD406 /* Project object */ = {
			isa = PBXProject;
			attributes = {
				LastUpgradeCheck = 0420;
			};
			buildConfigurationList = 4686C9E915F48E54007BD406 /* Build configuration list for PBXProject "USCities" */;
			compatibilityVersion = "Xcode 3.2";
			developmentRegion = English;
			hasScannedForEncodings = 0;
			knownRegions = (
				en,
			);
			mainGroup = 4686C9E415F48E54007BD406;
			productRefGroup = 4686C9F015F48E55007BD406 /* Products */;
			projectDirPath = "";
			projectRoot = "";
			targets = (
				4686C9EE15F48E55007BD406 /* USCities */,
			);
		};
/* End PBXProject section */

/* Begin PBXResourcesBuildPhase section */
		4686C9ED15F48E55007BD406 /* Resources */ = {
			isa = PBXResourcesBuildPhase;
			buildActionMask = 2147483647;
			files = (
				4686C9FE15F48E55007BD406 /* InfoPlist.strings in Resources */,
				4686CA0A15F48E55007BD406 /* ViewController.xib in Resources */,
			);
			runOnlyForDeploymentPostprocessing = 0;
		};
/* End PBXResourcesBuildPhase section */

/* Begin PBXSourcesBuildPhase section */
		4686C9EB15F48E55007BD406 /* Sources */ = {
			isa = PBXSourcesBuildPhase;
			buildActionMask = 2147483647;
			files = (
				4686CA0015F48E55007BD406 /* main.m in Sources */,
				4686CA0415F48E55007BD406 /* AppDelegate.m in Sources */,
				4686CA0715F48E55007BD406 /* ViewController.m in Sources */,
			);
			runOnlyForDeploymentPostprocessing = 0;
		};
/* End PBXSourcesBuildPhase section */

/* Begin PBXVariantGroup section */
		4686C9FC15F48E55007BD406 /* InfoPlist.strings */ = {
			isa = PBXVariantGroup;
			children = (
				4686C9FD15F48E55007BD406 /* en */,
			);
			name = InfoPlist.strings;
			sourceTree = "<group>";
		};
		4686CA0815F48E55007BD406 /* ViewController.xib */ = {
			isa = PBXVariantGroup;
			children = (
				4686CA0915F48E55007BD406 /* en */,
			);
			name = ViewController.xib;
			sourceTree = "<group>";
		};
/* End PBXVariantGroup section */

/* Begin XCBuildConfiguration section */
		4686CA0B15F48E55007BD406 /* Debug */ = {
			isa = XCBuildConfiguration;
			buildSettings = {
				ALWAYS_SEARCH_USER_PATHS = NO;
				ARCHS = "$(ARCHS_STANDARD_32_BIT)";
				CLANG_ENABLE_OBJC_ARC = YES;
				"CODE_SIGN_IDENTITY[sdk=iphoneos*]" = "iPhone Developer";
				COPY_PHASE_STRIP = NO;
				GCC_C_LANGUAGE_STANDARD = gnu99;
				GCC_DYNAMIC_NO_PIC = NO;
				GCC_OPTIMIZATION_LEVEL = 0;
				GCC_PREPROCESSOR_DEFINITIONS = (
					"DEBUG=1",
					"$(inherited)",
				);
				GCC_SYMBOLS_PRIVATE_EXTERN = NO;
				GCC_VERSION = com.apple.compilers.llvm.clang.1_0;
				GCC_WARN_ABOUT_MISSING_PROTOTYPES = YES;
				GCC_WARN_ABOUT_RETURN_TYPE = YES;
				GCC_WARN_UNUSED_VARIABLE = YES;
				IPHONEOS_DEPLOYMENT_TARGET = 5.1;
				SDKROOT = iphoneos;
			};
			name = Debug;
		};
		4686CA0C15F48E55007BD406 /* Release */ = {
			isa = XCBuildConfiguration;
			buildSettings = {
				ALWAYS_SEARCH_USER_PATHS = NO;
				ARCHS = "$(ARCHS_STANDARD_32_BIT)";
				CLANG_ENABLE_OBJC_ARC = YES;
				"CODE_SIGN_IDENTITY[sdk=iphoneos*]" = "iPhone Developer";
				COPY_PHASE_STRIP = YES;
				GCC_C_LANGUAGE_STANDARD = gnu99;
				GCC_VERSION = com.apple.compilers.llvm.clang.1_0;
				GCC_WARN_ABOUT_MISSING_PROTOTYPES = YES;
				GCC_WARN_ABOUT_RETURN_TYPE = YES;
				GCC_WARN_UNUSED_VARIABLE = YES;
				IPHONEOS_DEPLOYMENT_TARGET = 5.1;
				OTHER_CFLAGS = "-DNS_BLOCK_ASSERTIONS=1";
				SDKROOT = iphoneos;
				VALIDATE_PRODUCT = YES;
			};
			name = Release;
		};
		4686CA0E15F48E55007BD406 /* Debug */ = {
			isa = XCBuildConfiguration;
			buildSettings = {
				GCC_PRECOMPILE_PREFIX_HEADER = YES;
				GCC_PREFIX_HEADER = "USCities/USCities-Prefix.pch";
				INFOPLIST_FILE = "USCities/USCities-Info.plist";
				PRODUCT_NAME = "$(TARGET_NAME)";
				WRAPPER_EXTENSION = app;
			};
			name = Debug;
		};
		4686CA0F15F48E55007BD406 /* Release */ = {
			isa = XCBuildConfiguration;
			buildSettings = {
				GCC_PRECOMPILE_PREFIX_HEADER = YES;
				GCC_PREFIX_HEADER = "USCities/USCities-Prefix.pch";
				INFOPLIST_FILE = "USCities/USCities-Info.plist";
				PRODUCT_NAME = "$(TARGET_NAME)";
				WRAPPER_EXTENSION = app;
			};
			name = Release;
		};
/* End XCBuildConfiguration section */

/* Begin XCConfigurationList section */
		4686C9E915F48E54007BD406 /* Build configuration list for PBXProject "USCities" */ = {
			isa = XCConfigurationList;
			buildConfigurations = (
				4686CA0B15F48E55007BD406 /* Debug */,
				4686CA0C15F48E55007BD406 /* Release */,
			);
			defaultConfigurationIsVisible = 0;
			defaultConfigurationName = Release;
		};
		4686CA0D15F48E55007BD406 /* Build configuration list for PBXNativeTarget "USCities" */ = {
			isa = XCConfigurationList;
			buildConfigurations = (
				4686CA0E15F48E55007BD406 /* Debug */,
				4686CA0F15F48E55007BD406 /* Release */,
			);
			defaultConfigurationIsVisible = 0;
		};
/* End XCConfigurationList section */
	};
	rootObject = 4686C9E615F48E54007BD406 /* Project object */;
}
