// !$*UTF8*$!
{
	archiveVersion = 1;
	classes = {
	};
	objectVersion = 46;
	objects = {

/* Begin PBXBuildFile section */
		460F1D8815ED04DE0032B73B /* UIKit.framework in Frameworks */ = {isa = PBXBuildFile; fileRef = 460F1D8715ED04DE0032B73B /* UIKit.framework */; };
		460F1D8A15ED04DE0032B73B /* Foundation.framework in Frameworks */ = {isa = PBXBuildFile; fileRef = 460F1D8915ED04DE0032B73B /* Foundation.framework */; };
		460F1D8C15ED04DE0032B73B /* CoreGraphics.framework in Frameworks */ = {isa = PBXBuildFile; fileRef = 460F1D8B15ED04DE0032B73B /* CoreGraphics.framework */; };
		460F1D8E15ED04DE0032B73B /* CoreData.framework in Frameworks */ = {isa = PBXBuildFile; fileRef = 460F1D8D15ED04DE0032B73B /* CoreData.framework */; };
		460F1D9415ED04DE0032B73B /* InfoPlist.strings in Resources */ = {isa = PBXBuildFile; fileRef = 460F1D9215ED04DE0032B73B /* InfoPlist.strings */; };
		460F1D9615ED04DE0032B73B /* main.m in Sources */ = {isa = PBXBuildFile; fileRef = 460F1D9515ED04DE0032B73B /* main.m */; };
		460F1D9A15ED04DE0032B73B /* AppDelegate.m in Sources */ = {isa = PBXBuildFile; fileRef = 460F1D9915ED04DE0032B73B /* AppDelegate.m */; };
		460F1D9D15ED04DE0032B73B /* Kino.xcdatamodeld in Sources */ = {isa = PBXBuildFile; fileRef = 460F1D9B15ED04DE0032B73B /* Kino.xcdatamodeld */; };
		460F1DA515ED04F50032B73B /* ViewController.m in Sources */ = {isa = PBXBuildFile; fileRef = 460F1DA415ED04F50032B73B /* ViewController.m */; };
		460F1DAC15ED08310032B73B /* MyEntity.m in Sources */ = {isa = PBXBuildFile; fileRef = 460F1DAB15ED08310032B73B /* MyEntity.m */; };
		4636F3F815EE2D2A00C01389 /* Settings.bundle in Resources */ = {isa = PBXBuildFile; fileRef = 4636F3F715EE2D2A00C01389 /* Settings.bundle */; };
		46E9D1A215EE34A500E90D57 /* SettingsViewController.m in Sources */ = {isa = PBXBuildFile; fileRef = 46E9D1A015EE34A500E90D57 /* SettingsViewController.m */; };
		46E9D1A315EE34A500E90D57 /* SettingsViewController.xib in Resources */ = {isa = PBXBuildFile; fileRef = 46E9D1A115EE34A500E90D57 /* SettingsViewController.xib */; };
/* End PBXBuildFile section */

/* Begin PBXFileReference section */
		460F1D8315ED04DE0032B73B /* Kino.app */ = {isa = PBXFileReference; explicitFileType = wrapper.application; includeInIndex = 0; path = Kino.app; sourceTree = BUILT_PRODUCTS_DIR; };
		460F1D8715ED04DE0032B73B /* UIKit.framework */ = {isa = PBXFileReference; lastKnownFileType = wrapper.framework; name = UIKit.framework; path = System/Library/Frameworks/UIKit.framework; sourceTree = SDKROOT; };
		460F1D8915ED04DE0032B73B /* Foundation.framework */ = {isa = PBXFileReference; lastKnownFileType = wrapper.framework; name = Foundation.framework; path = System/Library/Frameworks/Foundation.framework; sourceTree = SDKROOT; };
		460F1D8B15ED04DE0032B73B /* CoreGraphics.framework */ = {isa = PBXFileReference; lastKnownFileType = wrapper.framework; name = CoreGraphics.framework; path = System/Library/Frameworks/CoreGraphics.framework; sourceTree = SDKROOT; };
		460F1D8D15ED04DE0032B73B /* CoreData.framework */ = {isa = PBXFileReference; lastKnownFileType = wrapper.framework; name = CoreData.framework; path = System/Library/Frameworks/CoreData.framework; sourceTree = SDKROOT; };
		460F1D9115ED04DE0032B73B /* Kino-Info.plist */ = {isa = PBXFileReference; lastKnownFileType = text.plist.xml; path = "Kino-Info.plist"; sourceTree = "<group>"; };
		460F1D9315ED04DE0032B73B /* en */ = {isa = PBXFileReference; lastKnownFileType = text.plist.strings; name = en; path = en.lproj/InfoPlist.strings; sourceTree = "<group>"; };
		460F1D9515ED04DE0032B73B /* main.m */ = {isa = PBXFileReference; lastKnownFileType = sourcecode.c.objc; path = main.m; sourceTree = "<group>"; };
		460F1D9715ED04DE0032B73B /* Kino-Prefix.pch */ = {isa = PBXFileReference; lastKnownFileType = sourcecode.c.h; path = "Kino-Prefix.pch"; sourceTree = "<group>"; };
		460F1D9815ED04DE0032B73B /* AppDelegate.h */ = {isa = PBXFileReference; lastKnownFileType = sourcecode.c.h; path = AppDelegate.h; sourceTree = "<group>"; };
		460F1D9915ED04DE0032B73B /* AppDelegate.m */ = {isa = PBXFileReference; lastKnownFileType = sourcecode.c.objc; path = AppDelegate.m; sourceTree = "<group>"; };
		460F1D9C15ED04DE0032B73B /* Kino.xcdatamodel */ = {isa = PBXFileReference; lastKnownFileType = wrapper.xcdatamodel; path = Kino.xcdatamodel; sourceTree = "<group>"; };
		460F1DA315ED04F50032B73B /* ViewController.h */ = {isa = PBXFileReference; fileEncoding = 4; lastKnownFileType = sourcecode.c.h; path = ViewController.h; sourceTree = "<group>"; };
		460F1DA415ED04F50032B73B /* ViewController.m */ = {isa = PBXFileReference; fileEncoding = 4; lastKnownFileType = sourcecode.c.objc; path = ViewController.m; sourceTree = "<group>"; };
		460F1DAA15ED08310032B73B /* MyEntity.h */ = {isa = PBXFileReference; fileEncoding = 4; lastKnownFileType = sourcecode.c.h; path = MyEntity.h; sourceTree = "<group>"; };
		460F1DAB15ED08310032B73B /* MyEntity.m */ = {isa = PBXFileReference; fileEncoding = 4; lastKnownFileType = sourcecode.c.objc; path = MyEntity.m; sourceTree = "<group>"; };
		4636F3F715EE2D2A00C01389 /* Settings.bundle */ = {isa = PBXFileReference; lastKnownFileType = "wrapper.plug-in"; path = Settings.bundle; sourceTree = "<group>"; };
		46E9D19F15EE34A400E90D57 /* SettingsViewController.h */ = {isa = PBXFileReference; fileEncoding = 4; lastKnownFileType = sourcecode.c.h; path = SettingsViewController.h; sourceTree = "<group>"; };
		46E9D1A015EE34A500E90D57 /* SettingsViewController.m */ = {isa = PBXFileReference; fileEncoding = 4; lastKnownFileType = sourcecode.c.objc; path = SettingsViewController.m; sourceTree = "<group>"; };
		46E9D1A115EE34A500E90D57 /* SettingsViewController.xib */ = {isa = PBXFileReference; fileEncoding = 4; lastKnownFileType = file.xib; path = SettingsViewController.xib; sourceTree = "<group>"; };
/* End PBXFileReference section */

/* Begin PBXFrameworksBuildPhase section */
		460F1D8015ED04DE0032B73B /* Frameworks */ = {
			isa = PBXFrameworksBuildPhase;
			buildActionMask = 2147483647;
			files = (
				460F1D8815ED04DE0032B73B /* UIKit.framework in Frameworks */,
				460F1D8A15ED04DE0032B73B /* Foundation.framework in Frameworks */,
				460F1D8C15ED04DE0032B73B /* CoreGraphics.framework in Frameworks */,
				460F1D8E15ED04DE0032B73B /* CoreData.framework in Frameworks */,
			);
			runOnlyForDeploymentPostprocessing = 0;
		};
/* End PBXFrameworksBuildPhase section */

/* Begin PBXGroup section */
		460F1D7815ED04DD0032B73B = {
			isa = PBXGroup;
			children = (
				460F1D8F15ED04DE0032B73B /* Kino */,
				460F1D8615ED04DE0032B73B /* Frameworks */,
				460F1D8415ED04DE0032B73B /* Products */,
			);
			sourceTree = "<group>";
		};
		460F1D8415ED04DE0032B73B /* Products */ = {
			isa = PBXGroup;
			children = (
				460F1D8315ED04DE0032B73B /* Kino.app */,
			);
			name = Products;
			sourceTree = "<group>";
		};
		460F1D8615ED04DE0032B73B /* Frameworks */ = {
			isa = PBXGroup;
			children = (
				460F1D8715ED04DE0032B73B /* UIKit.framework */,
				460F1D8915ED04DE0032B73B /* Foundation.framework */,
				460F1D8B15ED04DE0032B73B /* CoreGraphics.framework */,
				460F1D8D15ED04DE0032B73B /* CoreData.framework */,
			);
			name = Frameworks;
			sourceTree = "<group>";
		};
		460F1D8F15ED04DE0032B73B /* Kino */ = {
			isa = PBXGroup;
			children = (
				460F1D9815ED04DE0032B73B /* AppDelegate.h */,
				460F1DA315ED04F50032B73B /* ViewController.h */,
				460F1DA415ED04F50032B73B /* ViewController.m */,
				460F1D9915ED04DE0032B73B /* AppDelegate.m */,
				460F1D9B15ED04DE0032B73B /* Kino.xcdatamodeld */,
				460F1DAA15ED08310032B73B /* MyEntity.h */,
				460F1DAB15ED08310032B73B /* MyEntity.m */,
				460F1D9015ED04DE0032B73B /* Supporting Files */,
				4636F3F715EE2D2A00C01389 /* Settings.bundle */,
				46E9D19F15EE34A400E90D57 /* SettingsViewController.h */,
				46E9D1A015EE34A500E90D57 /* SettingsViewController.m */,
				46E9D1A115EE34A500E90D57 /* SettingsViewController.xib */,
			);
			path = Kino;
			sourceTree = "<group>";
		};
		460F1D9015ED04DE0032B73B /* Supporting Files */ = {
			isa = PBXGroup;
			children = (
				460F1D9115ED04DE0032B73B /* Kino-Info.plist */,
				460F1D9215ED04DE0032B73B /* InfoPlist.strings */,
				460F1D9515ED04DE0032B73B /* main.m */,
				460F1D9715ED04DE0032B73B /* Kino-Prefix.pch */,
			);
			name = "Supporting Files";
			sourceTree = "<group>";
		};
/* End PBXGroup section */

/* Begin PBXNativeTarget section */
		460F1D8215ED04DE0032B73B /* Kino */ = {
			isa = PBXNativeTarget;
			buildConfigurationList = 460F1DA015ED04DE0032B73B /* Build configuration list for PBXNativeTarget "Kino" */;
			buildPhases = (
				460F1D7F15ED04DE0032B73B /* Sources */,
				460F1D8015ED04DE0032B73B /* Frameworks */,
				460F1D8115ED04DE0032B73B /* Resources */,
			);
			buildRules = (
			);
			dependencies = (
			);
			name = Kino;
			productName = Kino;
			productReference = 460F1D8315ED04DE0032B73B /* Kino.app */;
			productType = "com.apple.product-type.application";
		};
/* End PBXNativeTarget section */

/* Begin PBXProject section */
		460F1D7A15ED04DD0032B73B /* Project object */ = {
			isa = PBXProject;
			attributes = {
				LastUpgradeCheck = 0420;
			};
			buildConfigurationList = 460F1D7D15ED04DD0032B73B /* Build configuration list for PBXProject "Kino" */;
			compatibilityVersion = "Xcode 3.2";
			developmentRegion = English;
			hasScannedForEncodings = 0;
			knownRegions = (
				en,
			);
			mainGroup = 460F1D7815ED04DD0032B73B;
			productRefGroup = 460F1D8415ED04DE0032B73B /* Products */;
			projectDirPath = "";
			projectRoot = "";
			targets = (
				460F1D8215ED04DE0032B73B /* Kino */,
			);
		};
/* End PBXProject section */

/* Begin PBXResourcesBuildPhase section */
		460F1D8115ED04DE0032B73B /* Resources */ = {
			isa = PBXResourcesBuildPhase;
			buildActionMask = 2147483647;
			files = (
				460F1D9415ED04DE0032B73B /* InfoPlist.strings in Resources */,
				4636F3F815EE2D2A00C01389 /* Settings.bundle in Resources */,
				46E9D1A315EE34A500E90D57 /* SettingsViewController.xib in Resources */,
			);
			runOnlyForDeploymentPostprocessing = 0;
		};
/* End PBXResourcesBuildPhase section */

/* Begin PBXSourcesBuildPhase section */
		460F1D7F15ED04DE0032B73B /* Sources */ = {
			isa = PBXSourcesBuildPhase;
			buildActionMask = 2147483647;
			files = (
				460F1D9615ED04DE0032B73B /* main.m in Sources */,
				460F1D9A15ED04DE0032B73B /* AppDelegate.m in Sources */,
				460F1D9D15ED04DE0032B73B /* Kino.xcdatamodeld in Sources */,
				460F1DA515ED04F50032B73B /* ViewController.m in Sources */,
				460F1DAC15ED08310032B73B /* MyEntity.m in Sources */,
				46E9D1A215EE34A500E90D57 /* SettingsViewController.m in Sources */,
			);
			runOnlyForDeploymentPostprocessing = 0;
		};
/* End PBXSourcesBuildPhase section */

/* Begin PBXVariantGroup section */
		460F1D9215ED04DE0032B73B /* InfoPlist.strings */ = {
			isa = PBXVariantGroup;
			children = (
				460F1D9315ED04DE0032B73B /* en */,
			);
			name = InfoPlist.strings;
			sourceTree = "<group>";
		};
/* End PBXVariantGroup section */

/* Begin XCBuildConfiguration section */
		460F1D9E15ED04DE0032B73B /* Debug */ = {
			isa = XCBuildConfiguration;
			buildSettings = {
				ALWAYS_SEARCH_USER_PATHS = NO;
				ARCHS = "$(ARCHS_STANDARD_32_BIT)";
				CLANG_ENABLE_OBJC_ARC = YES;
				"CODE_SIGN_IDENTITY[sdk=iphoneos*]" = "iPhone Developer";
				COPY_PHASE_STRIP = NO;
				GCC_C_LANGUAGE_STANDARD = gnu99;
				GCC_DYNAMIC_NO_PIC = NO;
				GCC_OPTIMIZATION_LEVEL = 0;
				GCC_PREPROCESSOR_DEFINITIONS = (
					"DEBUG=1",
					"$(inherited)",
				);
				GCC_SYMBOLS_PRIVATE_EXTERN = NO;
				GCC_VERSION = com.apple.compilers.llvm.clang.1_0;
				GCC_WARN_ABOUT_MISSING_PROTOTYPES = YES;
				GCC_WARN_ABOUT_RETURN_TYPE = YES;
				GCC_WARN_UNUSED_VARIABLE = YES;
				IPHONEOS_DEPLOYMENT_TARGET = 5.0;
				SDKROOT = iphoneos;
				TARGETED_DEVICE_FAMILY = "1,2";
			};
			name = Debug;
		};
		460F1D9F15ED04DE0032B73B /* Release */ = {
			isa = XCBuildConfiguration;
			buildSettings = {
				ALWAYS_SEARCH_USER_PATHS = NO;
				ARCHS = "$(ARCHS_STANDARD_32_BIT)";
				CLANG_ENABLE_OBJC_ARC = YES;
				"CODE_SIGN_IDENTITY[sdk=iphoneos*]" = "iPhone Developer";
				COPY_PHASE_STRIP = YES;
				GCC_C_LANGUAGE_STANDARD = gnu99;
				GCC_VERSION = com.apple.compilers.llvm.clang.1_0;
				GCC_WARN_ABOUT_MISSING_PROTOTYPES = YES;
				GCC_WARN_ABOUT_RETURN_TYPE = YES;
				GCC_WARN_UNUSED_VARIABLE = YES;
				IPHONEOS_DEPLOYMENT_TARGET = 5.0;
				OTHER_CFLAGS = "-DNS_BLOCK_ASSERTIONS=1";
				SDKROOT = iphoneos;
				TARGETED_DEVICE_FAMILY = "1,2";
				VALIDATE_PRODUCT = YES;
			};
			name = Release;
		};
		460F1DA115ED04DE0032B73B /* Debug */ = {
			isa = XCBuildConfiguration;
			buildSettings = {
				GCC_PRECOMPILE_PREFIX_HEADER = YES;
				GCC_PREFIX_HEADER = "Kino/Kino-Prefix.pch";
				INFOPLIST_FILE = "Kino/Kino-Info.plist";
				IPHONEOS_DEPLOYMENT_TARGET = 5.0;
				PRODUCT_NAME = "$(TARGET_NAME)";
				WRAPPER_EXTENSION = app;
			};
			name = Debug;
		};
		460F1DA215ED04DE0032B73B /* Release */ = {
			isa = XCBuildConfiguration;
			buildSettings = {
				GCC_PRECOMPILE_PREFIX_HEADER = YES;
				GCC_PREFIX_HEADER = "Kino/Kino-Prefix.pch";
				INFOPLIST_FILE = "Kino/Kino-Info.plist";
				IPHONEOS_DEPLOYMENT_TARGET = 5.0;
				PRODUCT_NAME = "$(TARGET_NAME)";
				WRAPPER_EXTENSION = app;
			};
			name = Release;
		};
/* End XCBuildConfiguration section */

/* Begin XCConfigurationList section */
		460F1D7D15ED04DD0032B73B /* Build configuration list for PBXProject "Kino" */ = {
			isa = XCConfigurationList;
			buildConfigurations = (
				460F1D9E15ED04DE0032B73B /* Debug */,
				460F1D9F15ED04DE0032B73B /* Release */,
			);
			defaultConfigurationIsVisible = 0;
			defaultConfigurationName = Release;
		};
		460F1DA015ED04DE0032B73B /* Build configuration list for PBXNativeTarget "Kino" */ = {
			isa = XCConfigurationList;
			buildConfigurations = (
				460F1DA115ED04DE0032B73B /* Debug */,
				460F1DA215ED04DE0032B73B /* Release */,
			);
			defaultConfigurationIsVisible = 0;
			defaultConfigurationName = Release;
		};
/* End XCConfigurationList section */

/* Begin XCVersionGroup section */
		460F1D9B15ED04DE0032B73B /* Kino.xcdatamodeld */ = {
			isa = XCVersionGroup;
			children = (
				460F1D9C15ED04DE0032B73B /* Kino.xcdatamodel */,
			);
			currentVersion = 460F1D9C15ED04DE0032B73B /* Kino.xcdatamodel */;
			path = Kino.xcdatamodeld;
			sourceTree = "<group>";
			versionGroupType = wrapper.xcdatamodel;
		};
/* End XCVersionGroup section */
	};
	rootObject = 460F1D7A15ED04DD0032B73B /* Project object */;
}
