// !$*UTF8*$!
{
	archiveVersion = 1;
	classes = {
	};
	objectVersion = 46;
	objects = {

/* Begin PBXBuildFile section */
		463D0A1715F731920007863D /* Base64Transcoder.c in Sources */ = {isa = PBXBuildFile; fileRef = 463D09F515F731920007863D /* Base64Transcoder.c */; };
		463D0A1815F731920007863D /* hmac.c in Sources */ = {isa = PBXBuildFile; fileRef = 463D09F715F731920007863D /* hmac.c */; };
		463D0A1915F731920007863D /* sha1.c in Sources */ = {isa = PBXBuildFile; fileRef = 463D09F915F731920007863D /* sha1.c */; };
		463D0A1A15F731920007863D /* NSMutableURLRequest+Parameters.m in Sources */ = {isa = PBXBuildFile; fileRef = 463D09FC15F731920007863D /* NSMutableURLRequest+Parameters.m */; settings = {COMPILER_FLAGS = "-fno-objc-arc"; }; };
		463D0A1B15F731920007863D /* NSString+URLEncoding.m in Sources */ = {isa = PBXBuildFile; fileRef = 463D09FE15F731920007863D /* NSString+URLEncoding.m */; settings = {COMPILER_FLAGS = "-fno-objc-arc"; }; };
		463D0A1C15F731920007863D /* NSURL+Base.m in Sources */ = {isa = PBXBuildFile; fileRef = 463D0A0015F731920007863D /* NSURL+Base.m */; settings = {COMPILER_FLAGS = "-fno-objc-arc"; }; };
		463D0A1D15F731920007863D /* OAAsynchronousDataFetcher.m in Sources */ = {isa = PBXBuildFile; fileRef = 463D0A0215F731920007863D /* OAAsynchronousDataFetcher.m */; settings = {COMPILER_FLAGS = "-fno-objc-arc"; }; };
		463D0A1E15F731920007863D /* OAConsumer.m in Sources */ = {isa = PBXBuildFile; fileRef = 463D0A0415F731920007863D /* OAConsumer.m */; settings = {COMPILER_FLAGS = "-fno-objc-arc"; }; };
		463D0A1F15F731920007863D /* OADataFetcher.m in Sources */ = {isa = PBXBuildFile; fileRef = 463D0A0615F731920007863D /* OADataFetcher.m */; settings = {COMPILER_FLAGS = "-fno-objc-arc"; }; };
		463D0A2015F731920007863D /* OAHMAC_SHA1SignatureProvider.m in Sources */ = {isa = PBXBuildFile; fileRef = 463D0A0815F731920007863D /* OAHMAC_SHA1SignatureProvider.m */; settings = {COMPILER_FLAGS = "-fno-objc-arc"; }; };
		463D0A2115F731920007863D /* OAMutableURLRequest.m in Sources */ = {isa = PBXBuildFile; fileRef = 463D0A0A15F731920007863D /* OAMutableURLRequest.m */; settings = {COMPILER_FLAGS = "-fno-objc-arc"; }; };
		463D0A2215F731920007863D /* OAPlaintextSignatureProvider.m in Sources */ = {isa = PBXBuildFile; fileRef = 463D0A0C15F731920007863D /* OAPlaintextSignatureProvider.m */; settings = {COMPILER_FLAGS = "-fno-objc-arc"; }; };
		463D0A2315F731920007863D /* OARequestParameter.m in Sources */ = {isa = PBXBuildFile; fileRef = 463D0A0E15F731920007863D /* OARequestParameter.m */; settings = {COMPILER_FLAGS = "-fno-objc-arc"; }; };
		463D0A2415F731920007863D /* OAServiceTicket.m in Sources */ = {isa = PBXBuildFile; fileRef = 463D0A1015F731920007863D /* OAServiceTicket.m */; settings = {COMPILER_FLAGS = "-fno-objc-arc"; }; };
		463D0A2515F731920007863D /* OAToken.m in Sources */ = {isa = PBXBuildFile; fileRef = 463D0A1315F731920007863D /* OAToken.m */; settings = {COMPILER_FLAGS = "-fno-objc-arc"; }; };
		463D0A2915F743600007863D /* TweetsLoader.m in Sources */ = {isa = PBXBuildFile; fileRef = 463D0A2815F743600007863D /* TweetsLoader.m */; };
		466CA6FD15F78ED200E12D36 /* ActivityView.m in Sources */ = {isa = PBXBuildFile; fileRef = 466CA6FC15F78ED200E12D36 /* ActivityView.m */; };
		46F5633315F7727D00DB5647 /* Tweet.m in Sources */ = {isa = PBXBuildFile; fileRef = 46F5633215F7727D00DB5647 /* Tweet.m */; };
		46F5633715F779D000DB5647 /* TweetViewCell.m in Sources */ = {isa = PBXBuildFile; fileRef = 46F5633615F779D000DB5647 /* TweetViewCell.m */; };
		46FD38D415F6054E00CFA1D6 /* UIKit.framework in Frameworks */ = {isa = PBXBuildFile; fileRef = 46FD38D315F6054E00CFA1D6 /* UIKit.framework */; };
		46FD38D615F6054E00CFA1D6 /* Foundation.framework in Frameworks */ = {isa = PBXBuildFile; fileRef = 46FD38D515F6054E00CFA1D6 /* Foundation.framework */; };
		46FD38D815F6054E00CFA1D6 /* CoreGraphics.framework in Frameworks */ = {isa = PBXBuildFile; fileRef = 46FD38D715F6054E00CFA1D6 /* CoreGraphics.framework */; };
		46FD38DE15F6054E00CFA1D6 /* InfoPlist.strings in Resources */ = {isa = PBXBuildFile; fileRef = 46FD38DC15F6054E00CFA1D6 /* InfoPlist.strings */; };
		46FD38E015F6054E00CFA1D6 /* main.m in Sources */ = {isa = PBXBuildFile; fileRef = 46FD38DF15F6054E00CFA1D6 /* main.m */; };
		46FD38E415F6054E00CFA1D6 /* AppDelegate.m in Sources */ = {isa = PBXBuildFile; fileRef = 46FD38E315F6054E00CFA1D6 /* AppDelegate.m */; };
		46FD38EE15F6190700CFA1D6 /* TweetViewController.m in Sources */ = {isa = PBXBuildFile; fileRef = 46FD38ED15F6190700CFA1D6 /* TweetViewController.m */; };
		46FD396015F61DD900CFA1D6 /* Security.framework in Frameworks */ = {isa = PBXBuildFile; fileRef = 46FD395F15F61DD900CFA1D6 /* Security.framework */; };
		46FD396215F61DEC00CFA1D6 /* libxml2.dylib in Frameworks */ = {isa = PBXBuildFile; fileRef = 46FD396115F61DEC00CFA1D6 /* libxml2.dylib */; };
		46FD396E15F6252500CFA1D6 /* Loginer.m in Sources */ = {isa = PBXBuildFile; fileRef = 46FD396D15F6252500CFA1D6 /* Loginer.m */; };
		46FD398C15F6310700CFA1D6 /* NSObject+SBJson.m in Sources */ = {isa = PBXBuildFile; fileRef = 46FD397415F6310700CFA1D6 /* NSObject+SBJson.m */; };
		46FD398D15F6310700CFA1D6 /* SBJsonParser.m in Sources */ = {isa = PBXBuildFile; fileRef = 46FD397715F6310700CFA1D6 /* SBJsonParser.m */; };
		46FD398E15F6310700CFA1D6 /* SBJsonStreamParser.m in Sources */ = {isa = PBXBuildFile; fileRef = 46FD397915F6310700CFA1D6 /* SBJsonStreamParser.m */; };
		46FD398F15F6310700CFA1D6 /* SBJsonStreamParserAccumulator.m in Sources */ = {isa = PBXBuildFile; fileRef = 46FD397B15F6310700CFA1D6 /* SBJsonStreamParserAccumulator.m */; };
		46FD399015F6310700CFA1D6 /* SBJsonStreamParserAdapter.m in Sources */ = {isa = PBXBuildFile; fileRef = 46FD397D15F6310700CFA1D6 /* SBJsonStreamParserAdapter.m */; };
		46FD399115F6310700CFA1D6 /* SBJsonStreamParserState.m in Sources */ = {isa = PBXBuildFile; fileRef = 46FD397F15F6310700CFA1D6 /* SBJsonStreamParserState.m */; };
		46FD399215F6310700CFA1D6 /* SBJsonStreamWriter.m in Sources */ = {isa = PBXBuildFile; fileRef = 46FD398115F6310700CFA1D6 /* SBJsonStreamWriter.m */; };
		46FD399315F6310700CFA1D6 /* SBJsonStreamWriterAccumulator.m in Sources */ = {isa = PBXBuildFile; fileRef = 46FD398315F6310700CFA1D6 /* SBJsonStreamWriterAccumulator.m */; };
		46FD399415F6310700CFA1D6 /* SBJsonStreamWriterState.m in Sources */ = {isa = PBXBuildFile; fileRef = 46FD398515F6310700CFA1D6 /* SBJsonStreamWriterState.m */; };
		46FD399515F6310700CFA1D6 /* SBJsonTokeniser.m in Sources */ = {isa = PBXBuildFile; fileRef = 46FD398715F6310700CFA1D6 /* SBJsonTokeniser.m */; };
		46FD399615F6310700CFA1D6 /* SBJsonUTF8Stream.m in Sources */ = {isa = PBXBuildFile; fileRef = 46FD398915F6310700CFA1D6 /* SBJsonUTF8Stream.m */; };
		46FD399715F6310700CFA1D6 /* SBJsonWriter.m in Sources */ = {isa = PBXBuildFile; fileRef = 46FD398B15F6310700CFA1D6 /* SBJsonWriter.m */; };
		46FD399A15F63B9100CFA1D6 /* WebViewController.m in Sources */ = {isa = PBXBuildFile; fileRef = 46FD399915F63B9100CFA1D6 /* WebViewController.m */; };
/* End PBXBuildFile section */

/* Begin PBXFileReference section */
		463D09F515F731920007863D /* Base64Transcoder.c */ = {isa = PBXFileReference; fileEncoding = 4; lastKnownFileType = sourcecode.c.c; path = Base64Transcoder.c; sourceTree = "<group>"; };
		463D09F615F731920007863D /* Base64Transcoder.h */ = {isa = PBXFileReference; fileEncoding = 4; lastKnownFileType = sourcecode.c.h; path = Base64Transcoder.h; sourceTree = "<group>"; };
		463D09F715F731920007863D /* hmac.c */ = {isa = PBXFileReference; fileEncoding = 4; lastKnownFileType = sourcecode.c.c; path = hmac.c; sourceTree = "<group>"; };
		463D09F815F731920007863D /* hmac.h */ = {isa = PBXFileReference; fileEncoding = 4; lastKnownFileType = sourcecode.c.h; path = hmac.h; sourceTree = "<group>"; };
		463D09F915F731920007863D /* sha1.c */ = {isa = PBXFileReference; fileEncoding = 4; lastKnownFileType = sourcecode.c.c; path = sha1.c; sourceTree = "<group>"; };
		463D09FA15F731920007863D /* sha1.h */ = {isa = PBXFileReference; fileEncoding = 4; lastKnownFileType = sourcecode.c.h; path = sha1.h; sourceTree = "<group>"; };
		463D09FB15F731920007863D /* NSMutableURLRequest+Parameters.h */ = {isa = PBXFileReference; fileEncoding = 4; lastKnownFileType = sourcecode.c.h; path = "NSMutableURLRequest+Parameters.h"; sourceTree = "<group>"; };
		463D09FC15F731920007863D /* NSMutableURLRequest+Parameters.m */ = {isa = PBXFileReference; fileEncoding = 4; lastKnownFileType = sourcecode.c.objc; path = "NSMutableURLRequest+Parameters.m"; sourceTree = "<group>"; };
		463D09FD15F731920007863D /* NSString+URLEncoding.h */ = {isa = PBXFileReference; fileEncoding = 4; lastKnownFileType = sourcecode.c.h; path = "NSString+URLEncoding.h"; sourceTree = "<group>"; };
		463D09FE15F731920007863D /* NSString+URLEncoding.m */ = {isa = PBXFileReference; fileEncoding = 4; lastKnownFileType = sourcecode.c.objc; path = "NSString+URLEncoding.m"; sourceTree = "<group>"; };
		463D09FF15F731920007863D /* NSURL+Base.h */ = {isa = PBXFileReference; fileEncoding = 4; lastKnownFileType = sourcecode.c.h; path = "NSURL+Base.h"; sourceTree = "<group>"; };
		463D0A0015F731920007863D /* NSURL+Base.m */ = {isa = PBXFileReference; fileEncoding = 4; lastKnownFileType = sourcecode.c.objc; path = "NSURL+Base.m"; sourceTree = "<group>"; };
		463D0A0115F731920007863D /* OAAsynchronousDataFetcher.h */ = {isa = PBXFileReference; fileEncoding = 4; lastKnownFileType = sourcecode.c.h; path = OAAsynchronousDataFetcher.h; sourceTree = "<group>"; };
		463D0A0215F731920007863D /* OAAsynchronousDataFetcher.m */ = {isa = PBXFileReference; fileEncoding = 4; lastKnownFileType = sourcecode.c.objc; path = OAAsynchronousDataFetcher.m; sourceTree = "<group>"; };
		463D0A0315F731920007863D /* OAConsumer.h */ = {isa = PBXFileReference; fileEncoding = 4; lastKnownFileType = sourcecode.c.h; path = OAConsumer.h; sourceTree = "<group>"; };
		463D0A0415F731920007863D /* OAConsumer.m */ = {isa = PBXFileReference; fileEncoding = 4; lastKnownFileType = sourcecode.c.objc; path = OAConsumer.m; sourceTree = "<group>"; };
		463D0A0515F731920007863D /* OADataFetcher.h */ = {isa = PBXFileReference; fileEncoding = 4; lastKnownFileType = sourcecode.c.h; path = OADataFetcher.h; sourceTree = "<group>"; };
		463D0A0615F731920007863D /* OADataFetcher.m */ = {isa = PBXFileReference; fileEncoding = 4; lastKnownFileType = sourcecode.c.objc; path = OADataFetcher.m; sourceTree = "<group>"; };
		463D0A0715F731920007863D /* OAHMAC_SHA1SignatureProvider.h */ = {isa = PBXFileReference; fileEncoding = 4; lastKnownFileType = sourcecode.c.h; path = OAHMAC_SHA1SignatureProvider.h; sourceTree = "<group>"; };
		463D0A0815F731920007863D /* OAHMAC_SHA1SignatureProvider.m */ = {isa = PBXFileReference; fileEncoding = 4; lastKnownFileType = sourcecode.c.objc; path = OAHMAC_SHA1SignatureProvider.m; sourceTree = "<group>"; };
		463D0A0915F731920007863D /* OAMutableURLRequest.h */ = {isa = PBXFileReference; fileEncoding = 4; lastKnownFileType = sourcecode.c.h; path = OAMutableURLRequest.h; sourceTree = "<group>"; };
		463D0A0A15F731920007863D /* OAMutableURLRequest.m */ = {isa = PBXFileReference; fileEncoding = 4; lastKnownFileType = sourcecode.c.objc; path = OAMutableURLRequest.m; sourceTree = "<group>"; };
		463D0A0B15F731920007863D /* OAPlaintextSignatureProvider.h */ = {isa = PBXFileReference; fileEncoding = 4; lastKnownFileType = sourcecode.c.h; path = OAPlaintextSignatureProvider.h; sourceTree = "<group>"; };
		463D0A0C15F731920007863D /* OAPlaintextSignatureProvider.m */ = {isa = PBXFileReference; fileEncoding = 4; lastKnownFileType = sourcecode.c.objc; path = OAPlaintextSignatureProvider.m; sourceTree = "<group>"; };
		463D0A0D15F731920007863D /* OARequestParameter.h */ = {isa = PBXFileReference; fileEncoding = 4; lastKnownFileType = sourcecode.c.h; path = OARequestParameter.h; sourceTree = "<group>"; };
		463D0A0E15F731920007863D /* OARequestParameter.m */ = {isa = PBXFileReference; fileEncoding = 4; lastKnownFileType = sourcecode.c.objc; path = OARequestParameter.m; sourceTree = "<group>"; };
		463D0A0F15F731920007863D /* OAServiceTicket.h */ = {isa = PBXFileReference; fileEncoding = 4; lastKnownFileType = sourcecode.c.h; path = OAServiceTicket.h; sourceTree = "<group>"; };
		463D0A1015F731920007863D /* OAServiceTicket.m */ = {isa = PBXFileReference; fileEncoding = 4; lastKnownFileType = sourcecode.c.objc; path = OAServiceTicket.m; sourceTree = "<group>"; };
		463D0A1115F731920007863D /* OASignatureProviding.h */ = {isa = PBXFileReference; fileEncoding = 4; lastKnownFileType = sourcecode.c.h; path = OASignatureProviding.h; sourceTree = "<group>"; };
		463D0A1215F731920007863D /* OAToken.h */ = {isa = PBXFileReference; fileEncoding = 4; lastKnownFileType = sourcecode.c.h; path = OAToken.h; sourceTree = "<group>"; };
		463D0A1315F731920007863D /* OAToken.m */ = {isa = PBXFileReference; fileEncoding = 4; lastKnownFileType = sourcecode.c.objc; path = OAToken.m; sourceTree = "<group>"; };
		463D0A1615F731920007863D /* OAuthConsumer.h */ = {isa = PBXFileReference; fileEncoding = 4; lastKnownFileType = sourcecode.c.h; path = OAuthConsumer.h; sourceTree = "<group>"; };
		463D0A2715F7435F0007863D /* TweetsLoader.h */ = {isa = PBXFileReference; fileEncoding = 4; lastKnownFileType = sourcecode.c.h; path = TweetsLoader.h; sourceTree = "<group>"; };
		463D0A2815F743600007863D /* TweetsLoader.m */ = {isa = PBXFileReference; fileEncoding = 4; lastKnownFileType = sourcecode.c.objc; path = TweetsLoader.m; sourceTree = "<group>"; };
		466CA6FB15F78ED200E12D36 /* ActivityView.h */ = {isa = PBXFileReference; fileEncoding = 4; lastKnownFileType = sourcecode.c.h; path = ActivityView.h; sourceTree = "<group>"; };
		466CA6FC15F78ED200E12D36 /* ActivityView.m */ = {isa = PBXFileReference; fileEncoding = 4; lastKnownFileType = sourcecode.c.objc; path = ActivityView.m; sourceTree = "<group>"; };
		466CA6FF15F79C6800E12D36 /* Constants.h */ = {isa = PBXFileReference; lastKnownFileType = sourcecode.c.h; path = Constants.h; sourceTree = "<group>"; };
		46F5633115F7727D00DB5647 /* Tweet.h */ = {isa = PBXFileReference; fileEncoding = 4; lastKnownFileType = sourcecode.c.h; path = Tweet.h; sourceTree = "<group>"; };
		46F5633215F7727D00DB5647 /* Tweet.m */ = {isa = PBXFileReference; fileEncoding = 4; lastKnownFileType = sourcecode.c.objc; path = Tweet.m; sourceTree = "<group>"; };
		46F5633515F779D000DB5647 /* TweetViewCell.h */ = {isa = PBXFileReference; fileEncoding = 4; lastKnownFileType = sourcecode.c.h; path = TweetViewCell.h; sourceTree = "<group>"; };
		46F5633615F779D000DB5647 /* TweetViewCell.m */ = {isa = PBXFileReference; fileEncoding = 4; lastKnownFileType = sourcecode.c.objc; path = TweetViewCell.m; sourceTree = "<group>"; };
		46FD38CF15F6054E00CFA1D6 /* Twitter.app */ = {isa = PBXFileReference; explicitFileType = wrapper.application; includeInIndex = 0; path = Twitter.app; sourceTree = BUILT_PRODUCTS_DIR; };
		46FD38D315F6054E00CFA1D6 /* UIKit.framework */ = {isa = PBXFileReference; lastKnownFileType = wrapper.framework; name = UIKit.framework; path = System/Library/Frameworks/UIKit.framework; sourceTree = SDKROOT; };
		46FD38D515F6054E00CFA1D6 /* Foundation.framework */ = {isa = PBXFileReference; lastKnownFileType = wrapper.framework; name = Foundation.framework; path = System/Library/Frameworks/Foundation.framework; sourceTree = SDKROOT; };
		46FD38D715F6054E00CFA1D6 /* CoreGraphics.framework */ = {isa = PBXFileReference; lastKnownFileType = wrapper.framework; name = CoreGraphics.framework; path = System/Library/Frameworks/CoreGraphics.framework; sourceTree = SDKROOT; };
		46FD38DB15F6054E00CFA1D6 /* Twitter-Info.plist */ = {isa = PBXFileReference; lastKnownFileType = text.plist.xml; path = "Twitter-Info.plist"; sourceTree = "<group>"; };
		46FD38DD15F6054E00CFA1D6 /* en */ = {isa = PBXFileReference; lastKnownFileType = text.plist.strings; name = en; path = en.lproj/InfoPlist.strings; sourceTree = "<group>"; };
		46FD38DF15F6054E00CFA1D6 /* main.m */ = {isa = PBXFileReference; lastKnownFileType = sourcecode.c.objc; path = main.m; sourceTree = "<group>"; };
		46FD38E115F6054E00CFA1D6 /* Twitter-Prefix.pch */ = {isa = PBXFileReference; lastKnownFileType = sourcecode.c.h; path = "Twitter-Prefix.pch"; sourceTree = "<group>"; };
		46FD38E215F6054E00CFA1D6 /* AppDelegate.h */ = {isa = PBXFileReference; lastKnownFileType = sourcecode.c.h; path = AppDelegate.h; sourceTree = "<group>"; };
		46FD38E315F6054E00CFA1D6 /* AppDelegate.m */ = {isa = PBXFileReference; lastKnownFileType = sourcecode.c.objc; path = AppDelegate.m; sourceTree = "<group>"; };
		46FD38EC15F6190700CFA1D6 /* TweetViewController.h */ = {isa = PBXFileReference; fileEncoding = 4; lastKnownFileType = sourcecode.c.h; path = TweetViewController.h; sourceTree = "<group>"; };
		46FD38ED15F6190700CFA1D6 /* TweetViewController.m */ = {isa = PBXFileReference; fileEncoding = 4; lastKnownFileType = sourcecode.c.objc; path = TweetViewController.m; sourceTree = "<group>"; };
		46FD395F15F61DD900CFA1D6 /* Security.framework */ = {isa = PBXFileReference; lastKnownFileType = wrapper.framework; name = Security.framework; path = System/Library/Frameworks/Security.framework; sourceTree = SDKROOT; };
		46FD396115F61DEC00CFA1D6 /* libxml2.dylib */ = {isa = PBXFileReference; lastKnownFileType = "compiled.mach-o.dylib"; name = libxml2.dylib; path = usr/lib/libxml2.dylib; sourceTree = SDKROOT; };
		46FD396C15F6252500CFA1D6 /* Loginer.h */ = {isa = PBXFileReference; fileEncoding = 4; lastKnownFileType = sourcecode.c.h; path = Loginer.h; sourceTree = "<group>"; };
		46FD396D15F6252500CFA1D6 /* Loginer.m */ = {isa = PBXFileReference; fileEncoding = 4; lastKnownFileType = sourcecode.c.objc; path = Loginer.m; sourceTree = "<group>"; };
		46FD397315F6310700CFA1D6 /* NSObject+SBJson.h */ = {isa = PBXFileReference; fileEncoding = 4; lastKnownFileType = sourcecode.c.h; path = "NSObject+SBJson.h"; sourceTree = "<group>"; };
		46FD397415F6310700CFA1D6 /* NSObject+SBJson.m */ = {isa = PBXFileReference; fileEncoding = 4; lastKnownFileType = sourcecode.c.objc; path = "NSObject+SBJson.m"; sourceTree = "<group>"; };
		46FD397515F6310700CFA1D6 /* SBJson.h */ = {isa = PBXFileReference; fileEncoding = 4; lastKnownFileType = sourcecode.c.h; path = SBJson.h; sourceTree = "<group>"; };
		46FD397615F6310700CFA1D6 /* SBJsonParser.h */ = {isa = PBXFileReference; fileEncoding = 4; lastKnownFileType = sourcecode.c.h; path = SBJsonParser.h; sourceTree = "<group>"; };
		46FD397715F6310700CFA1D6 /* SBJsonParser.m */ = {isa = PBXFileReference; fileEncoding = 4; lastKnownFileType = sourcecode.c.objc; path = SBJsonParser.m; sourceTree = "<group>"; };
		46FD397815F6310700CFA1D6 /* SBJsonStreamParser.h */ = {isa = PBXFileReference; fileEncoding = 4; lastKnownFileType = sourcecode.c.h; path = SBJsonStreamParser.h; sourceTree = "<group>"; };
		46FD397915F6310700CFA1D6 /* SBJsonStreamParser.m */ = {isa = PBXFileReference; fileEncoding = 4; lastKnownFileType = sourcecode.c.objc; path = SBJsonStreamParser.m; sourceTree = "<group>"; };
		46FD397A15F6310700CFA1D6 /* SBJsonStreamParserAccumulator.h */ = {isa = PBXFileReference; fileEncoding = 4; lastKnownFileType = sourcecode.c.h; path = SBJsonStreamParserAccumulator.h; sourceTree = "<group>"; };
		46FD397B15F6310700CFA1D6 /* SBJsonStreamParserAccumulator.m */ = {isa = PBXFileReference; fileEncoding = 4; lastKnownFileType = sourcecode.c.objc; path = SBJsonStreamParserAccumulator.m; sourceTree = "<group>"; };
		46FD397C15F6310700CFA1D6 /* SBJsonStreamParserAdapter.h */ = {isa = PBXFileReference; fileEncoding = 4; lastKnownFileType = sourcecode.c.h; path = SBJsonStreamParserAdapter.h; sourceTree = "<group>"; };
		46FD397D15F6310700CFA1D6 /* SBJsonStreamParserAdapter.m */ = {isa = PBXFileReference; fileEncoding = 4; lastKnownFileType = sourcecode.c.objc; path = SBJsonStreamParserAdapter.m; sourceTree = "<group>"; };
		46FD397E15F6310700CFA1D6 /* SBJsonStreamParserState.h */ = {isa = PBXFileReference; fileEncoding = 4; lastKnownFileType = sourcecode.c.h; path = SBJsonStreamParserState.h; sourceTree = "<group>"; };
		46FD397F15F6310700CFA1D6 /* SBJsonStreamParserState.m */ = {isa = PBXFileReference; fileEncoding = 4; lastKnownFileType = sourcecode.c.objc; path = SBJsonStreamParserState.m; sourceTree = "<group>"; };
		46FD398015F6310700CFA1D6 /* SBJsonStreamWriter.h */ = {isa = PBXFileReference; fileEncoding = 4; lastKnownFileType = sourcecode.c.h; path = SBJsonStreamWriter.h; sourceTree = "<group>"; };
		46FD398115F6310700CFA1D6 /* SBJsonStreamWriter.m */ = {isa = PBXFileReference; fileEncoding = 4; lastKnownFileType = sourcecode.c.objc; path = SBJsonStreamWriter.m; sourceTree = "<group>"; };
		46FD398215F6310700CFA1D6 /* SBJsonStreamWriterAccumulator.h */ = {isa = PBXFileReference; fileEncoding = 4; lastKnownFileType = sourcecode.c.h; path = SBJsonStreamWriterAccumulator.h; sourceTree = "<group>"; };
		46FD398315F6310700CFA1D6 /* SBJsonStreamWriterAccumulator.m */ = {isa = PBXFileReference; fileEncoding = 4; lastKnownFileType = sourcecode.c.objc; path = SBJsonStreamWriterAccumulator.m; sourceTree = "<group>"; };
		46FD398415F6310700CFA1D6 /* SBJsonStreamWriterState.h */ = {isa = PBXFileReference; fileEncoding = 4; lastKnownFileType = sourcecode.c.h; path = SBJsonStreamWriterState.h; sourceTree = "<group>"; };
		46FD398515F6310700CFA1D6 /* SBJsonStreamWriterState.m */ = {isa = PBXFileReference; fileEncoding = 4; lastKnownFileType = sourcecode.c.objc; path = SBJsonStreamWriterState.m; sourceTree = "<group>"; };
		46FD398615F6310700CFA1D6 /* SBJsonTokeniser.h */ = {isa = PBXFileReference; fileEncoding = 4; lastKnownFileType = sourcecode.c.h; path = SBJsonTokeniser.h; sourceTree = "<group>"; };
		46FD398715F6310700CFA1D6 /* SBJsonTokeniser.m */ = {isa = PBXFileReference; fileEncoding = 4; lastKnownFileType = sourcecode.c.objc; path = SBJsonTokeniser.m; sourceTree = "<group>"; };
		46FD398815F6310700CFA1D6 /* SBJsonUTF8Stream.h */ = {isa = PBXFileReference; fileEncoding = 4; lastKnownFileType = sourcecode.c.h; path = SBJsonUTF8Stream.h; sourceTree = "<group>"; };
		46FD398915F6310700CFA1D6 /* SBJsonUTF8Stream.m */ = {isa = PBXFileReference; fileEncoding = 4; lastKnownFileType = sourcecode.c.objc; path = SBJsonUTF8Stream.m; sourceTree = "<group>"; };
		46FD398A15F6310700CFA1D6 /* SBJsonWriter.h */ = {isa = PBXFileReference; fileEncoding = 4; lastKnownFileType = sourcecode.c.h; path = SBJsonWriter.h; sourceTree = "<group>"; };
		46FD398B15F6310700CFA1D6 /* SBJsonWriter.m */ = {isa = PBXFileReference; fileEncoding = 4; lastKnownFileType = sourcecode.c.objc; path = SBJsonWriter.m; sourceTree = "<group>"; };
		46FD399815F63B9100CFA1D6 /* WebViewController.h */ = {isa = PBXFileReference; fileEncoding = 4; lastKnownFileType = sourcecode.c.h; path = WebViewController.h; sourceTree = "<group>"; };
		46FD399915F63B9100CFA1D6 /* WebViewController.m */ = {isa = PBXFileReference; fileEncoding = 4; lastKnownFileType = sourcecode.c.objc; path = WebViewController.m; sourceTree = "<group>"; };
/* End PBXFileReference section */

/* Begin PBXFrameworksBuildPhase section */
		46FD38CC15F6054E00CFA1D6 /* Frameworks */ = {
			isa = PBXFrameworksBuildPhase;
			buildActionMask = 2147483647;
			files = (
				46FD396215F61DEC00CFA1D6 /* libxml2.dylib in Frameworks */,
				46FD396015F61DD900CFA1D6 /* Security.framework in Frameworks */,
				46FD38D415F6054E00CFA1D6 /* UIKit.framework in Frameworks */,
				46FD38D615F6054E00CFA1D6 /* Foundation.framework in Frameworks */,
				46FD38D815F6054E00CFA1D6 /* CoreGraphics.framework in Frameworks */,
			);
			runOnlyForDeploymentPostprocessing = 0;
		};
/* End PBXFrameworksBuildPhase section */

/* Begin PBXGroup section */
		462F88A215F88425007EC889 /* delegates */ = {
			isa = PBXGroup;
			children = (
				46FD38E215F6054E00CFA1D6 /* AppDelegate.h */,
				46FD38E315F6054E00CFA1D6 /* AppDelegate.m */,
			);
			name = delegates;
			sourceTree = "<group>";
		};
		462F88A415F88434007EC889 /* models */ = {
			isa = PBXGroup;
			children = (
				466CA6FF15F79C6800E12D36 /* Constants.h */,
				46FD396C15F6252500CFA1D6 /* Loginer.h */,
				46FD396D15F6252500CFA1D6 /* Loginer.m */,
				463D0A2715F7435F0007863D /* TweetsLoader.h */,
				463D0A2815F743600007863D /* TweetsLoader.m */,
				46F5633115F7727D00DB5647 /* Tweet.h */,
				46F5633215F7727D00DB5647 /* Tweet.m */,
			);
			name = models;
			sourceTree = "<group>";
		};
		462F88A515F8843F007EC889 /* views */ = {
			isa = PBXGroup;
			children = (
				466CA6FB15F78ED200E12D36 /* ActivityView.h */,
				466CA6FC15F78ED200E12D36 /* ActivityView.m */,
				46F5633515F779D000DB5647 /* TweetViewCell.h */,
				46F5633615F779D000DB5647 /* TweetViewCell.m */,
			);
			name = views;
			sourceTree = "<group>";
		};
		462F88A615F88445007EC889 /* controllers */ = {
			isa = PBXGroup;
			children = (
				46FD38EC15F6190700CFA1D6 /* TweetViewController.h */,
				46FD38ED15F6190700CFA1D6 /* TweetViewController.m */,
				46FD399815F63B9100CFA1D6 /* WebViewController.h */,
				46FD399915F63B9100CFA1D6 /* WebViewController.m */,
			);
			name = controllers;
			sourceTree = "<group>";
		};
		463D09F315F731920007863D /* OAuthConsumerSrc */ = {
			isa = PBXGroup;
			children = (
				463D09F415F731920007863D /* Crypto */,
				463D09FB15F731920007863D /* NSMutableURLRequest+Parameters.h */,
				463D09FC15F731920007863D /* NSMutableURLRequest+Parameters.m */,
				463D09FD15F731920007863D /* NSString+URLEncoding.h */,
				463D09FE15F731920007863D /* NSString+URLEncoding.m */,
				463D09FF15F731920007863D /* NSURL+Base.h */,
				463D0A0015F731920007863D /* NSURL+Base.m */,
				463D0A0115F731920007863D /* OAAsynchronousDataFetcher.h */,
				463D0A0215F731920007863D /* OAAsynchronousDataFetcher.m */,
				463D0A0315F731920007863D /* OAConsumer.h */,
				463D0A0415F731920007863D /* OAConsumer.m */,
				463D0A0515F731920007863D /* OADataFetcher.h */,
				463D0A0615F731920007863D /* OADataFetcher.m */,
				463D0A0715F731920007863D /* OAHMAC_SHA1SignatureProvider.h */,
				463D0A0815F731920007863D /* OAHMAC_SHA1SignatureProvider.m */,
				463D0A0915F731920007863D /* OAMutableURLRequest.h */,
				463D0A0A15F731920007863D /* OAMutableURLRequest.m */,
				463D0A0B15F731920007863D /* OAPlaintextSignatureProvider.h */,
				463D0A0C15F731920007863D /* OAPlaintextSignatureProvider.m */,
				463D0A0D15F731920007863D /* OARequestParameter.h */,
				463D0A0E15F731920007863D /* OARequestParameter.m */,
				463D0A0F15F731920007863D /* OAServiceTicket.h */,
				463D0A1015F731920007863D /* OAServiceTicket.m */,
				463D0A1115F731920007863D /* OASignatureProviding.h */,
				463D0A1215F731920007863D /* OAToken.h */,
				463D0A1315F731920007863D /* OAToken.m */,
				463D0A1615F731920007863D /* OAuthConsumer.h */,
			);
			path = OAuthConsumerSrc;
			sourceTree = "<group>";
		};
		463D09F415F731920007863D /* Crypto */ = {
			isa = PBXGroup;
			children = (
				463D09F515F731920007863D /* Base64Transcoder.c */,
				463D09F615F731920007863D /* Base64Transcoder.h */,
				463D09F715F731920007863D /* hmac.c */,
				463D09F815F731920007863D /* hmac.h */,
				463D09F915F731920007863D /* sha1.c */,
				463D09FA15F731920007863D /* sha1.h */,
			);
			path = Crypto;
			sourceTree = "<group>";
		};
		46FD38C415F6054D00CFA1D6 = {
			isa = PBXGroup;
			children = (
				46FD38FB15F61C4B00CFA1D6 /* externals */,
				46FD38D915F6054E00CFA1D6 /* src */,
				46FD38D215F6054E00CFA1D6 /* Frameworks */,
				46FD38D015F6054E00CFA1D6 /* Products */,
				46FD38DA15F6054E00CFA1D6 /* Supporting Files */,
			);
			sourceTree = "<group>";
		};
		46FD38D015F6054E00CFA1D6 /* Products */ = {
			isa = PBXGroup;
			children = (
				46FD38CF15F6054E00CFA1D6 /* Twitter.app */,
			);
			name = Products;
			sourceTree = "<group>";
		};
		46FD38D215F6054E00CFA1D6 /* Frameworks */ = {
			isa = PBXGroup;
			children = (
				46FD395F15F61DD900CFA1D6 /* Security.framework */,
				46FD38D315F6054E00CFA1D6 /* UIKit.framework */,
				46FD38D515F6054E00CFA1D6 /* Foundation.framework */,
				46FD38D715F6054E00CFA1D6 /* CoreGraphics.framework */,
			);
			name = Frameworks;
			sourceTree = "<group>";
		};
		46FD38D915F6054E00CFA1D6 /* src */ = {
			isa = PBXGroup;
			children = (
				462F88A615F88445007EC889 /* controllers */,
				462F88A515F8843F007EC889 /* views */,
				462F88A415F88434007EC889 /* models */,
				462F88A215F88425007EC889 /* delegates */,
			);
			name = src;
			path = Twitter;
			sourceTree = "<group>";
		};
		46FD38DA15F6054E00CFA1D6 /* Supporting Files */ = {
			isa = PBXGroup;
			children = (
				46FD38DB15F6054E00CFA1D6 /* Twitter-Info.plist */,
				46FD38DC15F6054E00CFA1D6 /* InfoPlist.strings */,
				46FD38DF15F6054E00CFA1D6 /* main.m */,
				46FD38E115F6054E00CFA1D6 /* Twitter-Prefix.pch */,
			);
			name = "Supporting Files";
			path = Twitter;
			sourceTree = "<group>";
		};
		46FD38FB15F61C4B00CFA1D6 /* externals */ = {
			isa = PBXGroup;
			children = (
				463D09F315F731920007863D /* OAuthConsumerSrc */,
				46FD397215F6310700CFA1D6 /* Classes */,
				46FD396115F61DEC00CFA1D6 /* libxml2.dylib */,
			);
			name = externals;
			sourceTree = "<group>";
		};
		46FD397215F6310700CFA1D6 /* Classes */ = {
			isa = PBXGroup;
			children = (
				46FD397315F6310700CFA1D6 /* NSObject+SBJson.h */,
				46FD397415F6310700CFA1D6 /* NSObject+SBJson.m */,
				46FD397515F6310700CFA1D6 /* SBJson.h */,
				46FD397615F6310700CFA1D6 /* SBJsonParser.h */,
				46FD397715F6310700CFA1D6 /* SBJsonParser.m */,
				46FD397815F6310700CFA1D6 /* SBJsonStreamParser.h */,
				46FD397915F6310700CFA1D6 /* SBJsonStreamParser.m */,
				46FD397A15F6310700CFA1D6 /* SBJsonStreamParserAccumulator.h */,
				46FD397B15F6310700CFA1D6 /* SBJsonStreamParserAccumulator.m */,
				46FD397C15F6310700CFA1D6 /* SBJsonStreamParserAdapter.h */,
				46FD397D15F6310700CFA1D6 /* SBJsonStreamParserAdapter.m */,
				46FD397E15F6310700CFA1D6 /* SBJsonStreamParserState.h */,
				46FD397F15F6310700CFA1D6 /* SBJsonStreamParserState.m */,
				46FD398015F6310700CFA1D6 /* SBJsonStreamWriter.h */,
				46FD398115F6310700CFA1D6 /* SBJsonStreamWriter.m */,
				46FD398215F6310700CFA1D6 /* SBJsonStreamWriterAccumulator.h */,
				46FD398315F6310700CFA1D6 /* SBJsonStreamWriterAccumulator.m */,
				46FD398415F6310700CFA1D6 /* SBJsonStreamWriterState.h */,
				46FD398515F6310700CFA1D6 /* SBJsonStreamWriterState.m */,
				46FD398615F6310700CFA1D6 /* SBJsonTokeniser.h */,
				46FD398715F6310700CFA1D6 /* SBJsonTokeniser.m */,
				46FD398815F6310700CFA1D6 /* SBJsonUTF8Stream.h */,
				46FD398915F6310700CFA1D6 /* SBJsonUTF8Stream.m */,
				46FD398A15F6310700CFA1D6 /* SBJsonWriter.h */,
				46FD398B15F6310700CFA1D6 /* SBJsonWriter.m */,
			);
			path = Classes;
			sourceTree = "<group>";
		};
/* End PBXGroup section */

/* Begin PBXNativeTarget section */
		46FD38CE15F6054E00CFA1D6 /* Twitter */ = {
			isa = PBXNativeTarget;
			buildConfigurationList = 46FD38E715F6054E00CFA1D6 /* Build configuration list for PBXNativeTarget "Twitter" */;
			buildPhases = (
				46FD38CB15F6054E00CFA1D6 /* Sources */,
				46FD38CC15F6054E00CFA1D6 /* Frameworks */,
				46FD38CD15F6054E00CFA1D6 /* Resources */,
			);
			buildRules = (
			);
			dependencies = (
			);
			name = Twitter;
			productName = Twitter;
			productReference = 46FD38CF15F6054E00CFA1D6 /* Twitter.app */;
			productType = "com.apple.product-type.application";
		};
/* End PBXNativeTarget section */

/* Begin PBXProject section */
		46FD38C615F6054D00CFA1D6 /* Project object */ = {
			isa = PBXProject;
			attributes = {
				LastUpgradeCheck = 0430;
			};
			buildConfigurationList = 46FD38C915F6054D00CFA1D6 /* Build configuration list for PBXProject "Twitter" */;
			compatibilityVersion = "Xcode 3.2";
			developmentRegion = English;
			hasScannedForEncodings = 0;
			knownRegions = (
				en,
				English,
			);
			mainGroup = 46FD38C415F6054D00CFA1D6;
			productRefGroup = 46FD38D015F6054E00CFA1D6 /* Products */;
			projectDirPath = "";
			projectRoot = "";
			targets = (
				46FD38CE15F6054E00CFA1D6 /* Twitter */,
			);
		};
/* End PBXProject section */

/* Begin PBXResourcesBuildPhase section */
		46FD38CD15F6054E00CFA1D6 /* Resources */ = {
			isa = PBXResourcesBuildPhase;
			buildActionMask = 2147483647;
			files = (
				46FD38DE15F6054E00CFA1D6 /* InfoPlist.strings in Resources */,
			);
			runOnlyForDeploymentPostprocessing = 0;
		};
/* End PBXResourcesBuildPhase section */

/* Begin PBXSourcesBuildPhase section */
		46FD38CB15F6054E00CFA1D6 /* Sources */ = {
			isa = PBXSourcesBuildPhase;
			buildActionMask = 2147483647;
			files = (
				46FD38E015F6054E00CFA1D6 /* main.m in Sources */,
				46FD38E415F6054E00CFA1D6 /* AppDelegate.m in Sources */,
				46FD38EE15F6190700CFA1D6 /* TweetViewController.m in Sources */,
				46FD396E15F6252500CFA1D6 /* Loginer.m in Sources */,
				46FD398C15F6310700CFA1D6 /* NSObject+SBJson.m in Sources */,
				46FD398D15F6310700CFA1D6 /* SBJsonParser.m in Sources */,
				46FD398E15F6310700CFA1D6 /* SBJsonStreamParser.m in Sources */,
				46FD398F15F6310700CFA1D6 /* SBJsonStreamParserAccumulator.m in Sources */,
				46FD399015F6310700CFA1D6 /* SBJsonStreamParserAdapter.m in Sources */,
				46FD399115F6310700CFA1D6 /* SBJsonStreamParserState.m in Sources */,
				46FD399215F6310700CFA1D6 /* SBJsonStreamWriter.m in Sources */,
				46FD399315F6310700CFA1D6 /* SBJsonStreamWriterAccumulator.m in Sources */,
				46FD399415F6310700CFA1D6 /* SBJsonStreamWriterState.m in Sources */,
				46FD399515F6310700CFA1D6 /* SBJsonTokeniser.m in Sources */,
				46FD399615F6310700CFA1D6 /* SBJsonUTF8Stream.m in Sources */,
				46FD399715F6310700CFA1D6 /* SBJsonWriter.m in Sources */,
				46FD399A15F63B9100CFA1D6 /* WebViewController.m in Sources */,
				463D0A1715F731920007863D /* Base64Transcoder.c in Sources */,
				463D0A1815F731920007863D /* hmac.c in Sources */,
				463D0A1915F731920007863D /* sha1.c in Sources */,
				463D0A1A15F731920007863D /* NSMutableURLRequest+Parameters.m in Sources */,
				463D0A1B15F731920007863D /* NSString+URLEncoding.m in Sources */,
				463D0A1C15F731920007863D /* NSURL+Base.m in Sources */,
				463D0A1D15F731920007863D /* OAAsynchronousDataFetcher.m in Sources */,
				463D0A1E15F731920007863D /* OAConsumer.m in Sources */,
				463D0A1F15F731920007863D /* OADataFetcher.m in Sources */,
				463D0A2015F731920007863D /* OAHMAC_SHA1SignatureProvider.m in Sources */,
				463D0A2115F731920007863D /* OAMutableURLRequest.m in Sources */,
				463D0A2215F731920007863D /* OAPlaintextSignatureProvider.m in Sources */,
				463D0A2315F731920007863D /* OARequestParameter.m in Sources */,
				463D0A2415F731920007863D /* OAServiceTicket.m in Sources */,
				463D0A2515F731920007863D /* OAToken.m in Sources */,
				463D0A2915F743600007863D /* TweetsLoader.m in Sources */,
				46F5633315F7727D00DB5647 /* Tweet.m in Sources */,
				46F5633715F779D000DB5647 /* TweetViewCell.m in Sources */,
				466CA6FD15F78ED200E12D36 /* ActivityView.m in Sources */,
			);
			runOnlyForDeploymentPostprocessing = 0;
		};
/* End PBXSourcesBuildPhase section */

/* Begin PBXVariantGroup section */
		46FD38DC15F6054E00CFA1D6 /* InfoPlist.strings */ = {
			isa = PBXVariantGroup;
			children = (
				46FD38DD15F6054E00CFA1D6 /* en */,
			);
			name = InfoPlist.strings;
			sourceTree = "<group>";
		};
/* End PBXVariantGroup section */

/* Begin XCBuildConfiguration section */
		46FD38E515F6054E00CFA1D6 /* Debug */ = {
			isa = XCBuildConfiguration;
			buildSettings = {
				ALWAYS_SEARCH_USER_PATHS = NO;
				ARCHS = "$(ARCHS_STANDARD_32_BIT)";
				CLANG_ENABLE_OBJC_ARC = YES;
				"CODE_SIGN_IDENTITY[sdk=iphoneos*]" = "iPhone Developer";
				COPY_PHASE_STRIP = NO;
				GCC_C_LANGUAGE_STANDARD = gnu99;
				GCC_DYNAMIC_NO_PIC = NO;
				GCC_OPTIMIZATION_LEVEL = 0;
				GCC_PREPROCESSOR_DEFINITIONS = (
					"DEBUG=1",
					"$(inherited)",
				);
				GCC_SYMBOLS_PRIVATE_EXTERN = NO;
				GCC_VERSION = com.apple.compilers.llvm.clang.1_0;
				GCC_WARN_ABOUT_RETURN_TYPE = YES;
				GCC_WARN_UNINITIALIZED_AUTOS = YES;
				GCC_WARN_UNUSED_VARIABLE = YES;
				IPHONEOS_DEPLOYMENT_TARGET = 5.0;
				SDKROOT = iphoneos;
			};
			name = Debug;
		};
		46FD38E615F6054E00CFA1D6 /* Release */ = {
			isa = XCBuildConfiguration;
			buildSettings = {
				ALWAYS_SEARCH_USER_PATHS = NO;
				ARCHS = "$(ARCHS_STANDARD_32_BIT)";
				CLANG_ENABLE_OBJC_ARC = YES;
				"CODE_SIGN_IDENTITY[sdk=iphoneos*]" = "iPhone Developer";
				COPY_PHASE_STRIP = YES;
				GCC_C_LANGUAGE_STANDARD = gnu99;
				GCC_VERSION = com.apple.compilers.llvm.clang.1_0;
				GCC_WARN_ABOUT_RETURN_TYPE = YES;
				GCC_WARN_UNINITIALIZED_AUTOS = YES;
				GCC_WARN_UNUSED_VARIABLE = YES;
				IPHONEOS_DEPLOYMENT_TARGET = 5.0;
				OTHER_CFLAGS = "-DNS_BLOCK_ASSERTIONS=1";
				SDKROOT = iphoneos;
				VALIDATE_PRODUCT = YES;
			};
			name = Release;
		};
		46FD38E815F6054E00CFA1D6 /* Debug */ = {
			isa = XCBuildConfiguration;
			buildSettings = {
				GCC_PRECOMPILE_PREFIX_HEADER = YES;
				GCC_PREFIX_HEADER = "Twitter/Twitter-Prefix.pch";
				HEADER_SEARCH_PATHS = (
					"$SDKROOT/usr/include/libxml2/**",
					"../**",
				);
				INFOPLIST_FILE = "Twitter/Twitter-Info.plist";
				PRODUCT_NAME = "$(TARGET_NAME)";
				WRAPPER_EXTENSION = app;
			};
			name = Debug;
		};
		46FD38E915F6054E00CFA1D6 /* Release */ = {
			isa = XCBuildConfiguration;
			buildSettings = {
				GCC_PRECOMPILE_PREFIX_HEADER = YES;
				GCC_PREFIX_HEADER = "Twitter/Twitter-Prefix.pch";
				HEADER_SEARCH_PATHS = (
					"$SDKROOT/usr/include/libxml2/**",
					"../**",
				);
				INFOPLIST_FILE = "Twitter/Twitter-Info.plist";
				PRODUCT_NAME = "$(TARGET_NAME)";
				WRAPPER_EXTENSION = app;
			};
			name = Release;
		};
/* End XCBuildConfiguration section */

/* Begin XCConfigurationList section */
		46FD38C915F6054D00CFA1D6 /* Build configuration list for PBXProject "Twitter" */ = {
			isa = XCConfigurationList;
			buildConfigurations = (
				46FD38E515F6054E00CFA1D6 /* Debug */,
				46FD38E615F6054E00CFA1D6 /* Release */,
			);
			defaultConfigurationIsVisible = 0;
			defaultConfigurationName = Release;
		};
		46FD38E715F6054E00CFA1D6 /* Build configuration list for PBXNativeTarget "Twitter" */ = {
			isa = XCConfigurationList;
			buildConfigurations = (
				46FD38E815F6054E00CFA1D6 /* Debug */,
				46FD38E915F6054E00CFA1D6 /* Release */,
			);
			defaultConfigurationIsVisible = 0;
			defaultConfigurationName = Release;
		};
/* End XCConfigurationList section */
	};
	rootObject = 46FD38C615F6054D00CFA1D6 /* Project object */;
}
