// !$*UTF8*$!
{
	archiveVersion = 1;
	classes = {
	};
	objectVersion = 46;
	objects = {

/* Begin PBXBuildFile section */
		461A27CB15E270B0005A0813 /* UIKit.framework in Frameworks */ = {isa = PBXBuildFile; fileRef = 461A27CA15E270B0005A0813 /* UIKit.framework */; };
		461A27CD15E270B0005A0813 /* Foundation.framework in Frameworks */ = {isa = PBXBuildFile; fileRef = 461A27CC15E270B0005A0813 /* Foundation.framework */; };
		461A27CF15E270B0005A0813 /* CoreGraphics.framework in Frameworks */ = {isa = PBXBuildFile; fileRef = 461A27CE15E270B0005A0813 /* CoreGraphics.framework */; };
		461A27D515E270B0005A0813 /* InfoPlist.strings in Resources */ = {isa = PBXBuildFile; fileRef = 461A27D315E270B0005A0813 /* InfoPlist.strings */; };
		461A27D715E270B0005A0813 /* main.m in Sources */ = {isa = PBXBuildFile; fileRef = 461A27D615E270B0005A0813 /* main.m */; };
		461A27DB15E270B0005A0813 /* AppDelegate.m in Sources */ = {isa = PBXBuildFile; fileRef = 461A27DA15E270B0005A0813 /* AppDelegate.m */; };
		461A27DE15E270B0005A0813 /* ViewController.m in Sources */ = {isa = PBXBuildFile; fileRef = 461A27DD15E270B0005A0813 /* ViewController.m */; };
		461A27E115E270B0005A0813 /* ViewController.xib in Resources */ = {isa = PBXBuildFile; fileRef = 461A27DF15E270B0005A0813 /* ViewController.xib */; };
		461A281615E283EC005A0813 /* NSObject+SBJson.m in Sources */ = {isa = PBXBuildFile; fileRef = 461A27FE15E283EC005A0813 /* NSObject+SBJson.m */; };
		461A281715E283EC005A0813 /* SBJsonParser.m in Sources */ = {isa = PBXBuildFile; fileRef = 461A280115E283EC005A0813 /* SBJsonParser.m */; };
		461A281815E283EC005A0813 /* SBJsonStreamParser.m in Sources */ = {isa = PBXBuildFile; fileRef = 461A280315E283EC005A0813 /* SBJsonStreamParser.m */; };
		461A281915E283EC005A0813 /* SBJsonStreamParserAccumulator.m in Sources */ = {isa = PBXBuildFile; fileRef = 461A280515E283EC005A0813 /* SBJsonStreamParserAccumulator.m */; };
		461A281A15E283EC005A0813 /* SBJsonStreamParserAdapter.m in Sources */ = {isa = PBXBuildFile; fileRef = 461A280715E283EC005A0813 /* SBJsonStreamParserAdapter.m */; };
		461A281B15E283EC005A0813 /* SBJsonStreamParserState.m in Sources */ = {isa = PBXBuildFile; fileRef = 461A280915E283EC005A0813 /* SBJsonStreamParserState.m */; };
		461A281C15E283EC005A0813 /* SBJsonStreamWriter.m in Sources */ = {isa = PBXBuildFile; fileRef = 461A280B15E283EC005A0813 /* SBJsonStreamWriter.m */; };
		461A281D15E283EC005A0813 /* SBJsonStreamWriterAccumulator.m in Sources */ = {isa = PBXBuildFile; fileRef = 461A280D15E283EC005A0813 /* SBJsonStreamWriterAccumulator.m */; };
		461A281E15E283EC005A0813 /* SBJsonStreamWriterState.m in Sources */ = {isa = PBXBuildFile; fileRef = 461A280F15E283EC005A0813 /* SBJsonStreamWriterState.m */; };
		461A281F15E283EC005A0813 /* SBJsonTokeniser.m in Sources */ = {isa = PBXBuildFile; fileRef = 461A281115E283EC005A0813 /* SBJsonTokeniser.m */; };
		461A282015E283EC005A0813 /* SBJsonUTF8Stream.m in Sources */ = {isa = PBXBuildFile; fileRef = 461A281315E283EC005A0813 /* SBJsonUTF8Stream.m */; };
		461A282115E283EC005A0813 /* SBJsonWriter.m in Sources */ = {isa = PBXBuildFile; fileRef = 461A281515E283EC005A0813 /* SBJsonWriter.m */; };
		461C196C15E629F500A5A4D5 /* chrysler.jpeg in Resources */ = {isa = PBXBuildFile; fileRef = 461C196B15E629F500A5A4D5 /* chrysler.jpeg */; };
		4653DE2F15E3720300B016A9 /* RequestSender.m in Sources */ = {isa = PBXBuildFile; fileRef = 4653DE2E15E3720300B016A9 /* RequestSender.m */; };
		4653DE3315E3865900B016A9 /* NSDictionary+RequestAssitant.m in Sources */ = {isa = PBXBuildFile; fileRef = 4653DE3215E3865900B016A9 /* NSDictionary+RequestAssitant.m */; };
		4679291915E4B000008D0E99 /* UserInfoViewController.m in Sources */ = {isa = PBXBuildFile; fileRef = 4679291715E4B000008D0E99 /* UserInfoViewController.m */; };
		4679291A15E4B000008D0E99 /* UserInfoViewController.xib in Resources */ = {isa = PBXBuildFile; fileRef = 4679291815E4B000008D0E99 /* UserInfoViewController.xib */; };
		4679291E15E52121008D0E99 /* pict.jpeg in Resources */ = {isa = PBXBuildFile; fileRef = 4679291D15E52121008D0E99 /* pict.jpeg */; };
/* End PBXBuildFile section */

/* Begin PBXFileReference section */
		461A27C615E270B0005A0813 /* FacebookAPI.app */ = {isa = PBXFileReference; explicitFileType = wrapper.application; includeInIndex = 0; path = FacebookAPI.app; sourceTree = BUILT_PRODUCTS_DIR; };
		461A27CA15E270B0005A0813 /* UIKit.framework */ = {isa = PBXFileReference; lastKnownFileType = wrapper.framework; name = UIKit.framework; path = System/Library/Frameworks/UIKit.framework; sourceTree = SDKROOT; };
		461A27CC15E270B0005A0813 /* Foundation.framework */ = {isa = PBXFileReference; lastKnownFileType = wrapper.framework; name = Foundation.framework; path = System/Library/Frameworks/Foundation.framework; sourceTree = SDKROOT; };
		461A27CE15E270B0005A0813 /* CoreGraphics.framework */ = {isa = PBXFileReference; lastKnownFileType = wrapper.framework; name = CoreGraphics.framework; path = System/Library/Frameworks/CoreGraphics.framework; sourceTree = SDKROOT; };
		461A27D215E270B0005A0813 /* FacebookAPI-Info.plist */ = {isa = PBXFileReference; lastKnownFileType = text.plist.xml; path = "FacebookAPI-Info.plist"; sourceTree = "<group>"; };
		461A27D415E270B0005A0813 /* en */ = {isa = PBXFileReference; lastKnownFileType = text.plist.strings; name = en; path = en.lproj/InfoPlist.strings; sourceTree = "<group>"; };
		461A27D615E270B0005A0813 /* main.m */ = {isa = PBXFileReference; lastKnownFileType = sourcecode.c.objc; path = main.m; sourceTree = "<group>"; };
		461A27D815E270B0005A0813 /* FacebookAPI-Prefix.pch */ = {isa = PBXFileReference; lastKnownFileType = sourcecode.c.h; path = "FacebookAPI-Prefix.pch"; sourceTree = "<group>"; };
		461A27D915E270B0005A0813 /* AppDelegate.h */ = {isa = PBXFileReference; lastKnownFileType = sourcecode.c.h; path = AppDelegate.h; sourceTree = "<group>"; };
		461A27DA15E270B0005A0813 /* AppDelegate.m */ = {isa = PBXFileReference; lastKnownFileType = sourcecode.c.objc; path = AppDelegate.m; sourceTree = "<group>"; };
		461A27DC15E270B0005A0813 /* ViewController.h */ = {isa = PBXFileReference; lastKnownFileType = sourcecode.c.h; path = ViewController.h; sourceTree = "<group>"; };
		461A27DD15E270B0005A0813 /* ViewController.m */ = {isa = PBXFileReference; lastKnownFileType = sourcecode.c.objc; path = ViewController.m; sourceTree = "<group>"; };
		461A27E015E270B0005A0813 /* en */ = {isa = PBXFileReference; lastKnownFileType = file.xib; name = en; path = en.lproj/ViewController.xib; sourceTree = "<group>"; };
		461A27FD15E283EC005A0813 /* NSObject+SBJson.h */ = {isa = PBXFileReference; fileEncoding = 4; lastKnownFileType = sourcecode.c.h; path = "NSObject+SBJson.h"; sourceTree = "<group>"; };
		461A27FE15E283EC005A0813 /* NSObject+SBJson.m */ = {isa = PBXFileReference; fileEncoding = 4; lastKnownFileType = sourcecode.c.objc; path = "NSObject+SBJson.m"; sourceTree = "<group>"; };
		461A27FF15E283EC005A0813 /* SBJson.h */ = {isa = PBXFileReference; fileEncoding = 4; lastKnownFileType = sourcecode.c.h; path = SBJson.h; sourceTree = "<group>"; };
		461A280015E283EC005A0813 /* SBJsonParser.h */ = {isa = PBXFileReference; fileEncoding = 4; lastKnownFileType = sourcecode.c.h; path = SBJsonParser.h; sourceTree = "<group>"; };
		461A280115E283EC005A0813 /* SBJsonParser.m */ = {isa = PBXFileReference; fileEncoding = 4; lastKnownFileType = sourcecode.c.objc; path = SBJsonParser.m; sourceTree = "<group>"; };
		461A280215E283EC005A0813 /* SBJsonStreamParser.h */ = {isa = PBXFileReference; fileEncoding = 4; lastKnownFileType = sourcecode.c.h; path = SBJsonStreamParser.h; sourceTree = "<group>"; };
		461A280315E283EC005A0813 /* SBJsonStreamParser.m */ = {isa = PBXFileReference; fileEncoding = 4; lastKnownFileType = sourcecode.c.objc; path = SBJsonStreamParser.m; sourceTree = "<group>"; };
		461A280415E283EC005A0813 /* SBJsonStreamParserAccumulator.h */ = {isa = PBXFileReference; fileEncoding = 4; lastKnownFileType = sourcecode.c.h; path = SBJsonStreamParserAccumulator.h; sourceTree = "<group>"; };
		461A280515E283EC005A0813 /* SBJsonStreamParserAccumulator.m */ = {isa = PBXFileReference; fileEncoding = 4; lastKnownFileType = sourcecode.c.objc; path = SBJsonStreamParserAccumulator.m; sourceTree = "<group>"; };
		461A280615E283EC005A0813 /* SBJsonStreamParserAdapter.h */ = {isa = PBXFileReference; fileEncoding = 4; lastKnownFileType = sourcecode.c.h; path = SBJsonStreamParserAdapter.h; sourceTree = "<group>"; };
		461A280715E283EC005A0813 /* SBJsonStreamParserAdapter.m */ = {isa = PBXFileReference; fileEncoding = 4; lastKnownFileType = sourcecode.c.objc; path = SBJsonStreamParserAdapter.m; sourceTree = "<group>"; };
		461A280815E283EC005A0813 /* SBJsonStreamParserState.h */ = {isa = PBXFileReference; fileEncoding = 4; lastKnownFileType = sourcecode.c.h; path = SBJsonStreamParserState.h; sourceTree = "<group>"; };
		461A280915E283EC005A0813 /* SBJsonStreamParserState.m */ = {isa = PBXFileReference; fileEncoding = 4; lastKnownFileType = sourcecode.c.objc; path = SBJsonStreamParserState.m; sourceTree = "<group>"; };
		461A280A15E283EC005A0813 /* SBJsonStreamWriter.h */ = {isa = PBXFileReference; fileEncoding = 4; lastKnownFileType = sourcecode.c.h; path = SBJsonStreamWriter.h; sourceTree = "<group>"; };
		461A280B15E283EC005A0813 /* SBJsonStreamWriter.m */ = {isa = PBXFileReference; fileEncoding = 4; lastKnownFileType = sourcecode.c.objc; path = SBJsonStreamWriter.m; sourceTree = "<group>"; };
		461A280C15E283EC005A0813 /* SBJsonStreamWriterAccumulator.h */ = {isa = PBXFileReference; fileEncoding = 4; lastKnownFileType = sourcecode.c.h; path = SBJsonStreamWriterAccumulator.h; sourceTree = "<group>"; };
		461A280D15E283EC005A0813 /* SBJsonStreamWriterAccumulator.m */ = {isa = PBXFileReference; fileEncoding = 4; lastKnownFileType = sourcecode.c.objc; path = SBJsonStreamWriterAccumulator.m; sourceTree = "<group>"; };
		461A280E15E283EC005A0813 /* SBJsonStreamWriterState.h */ = {isa = PBXFileReference; fileEncoding = 4; lastKnownFileType = sourcecode.c.h; path = SBJsonStreamWriterState.h; sourceTree = "<group>"; };
		461A280F15E283EC005A0813 /* SBJsonStreamWriterState.m */ = {isa = PBXFileReference; fileEncoding = 4; lastKnownFileType = sourcecode.c.objc; path = SBJsonStreamWriterState.m; sourceTree = "<group>"; };
		461A281015E283EC005A0813 /* SBJsonTokeniser.h */ = {isa = PBXFileReference; fileEncoding = 4; lastKnownFileType = sourcecode.c.h; path = SBJsonTokeniser.h; sourceTree = "<group>"; };
		461A281115E283EC005A0813 /* SBJsonTokeniser.m */ = {isa = PBXFileReference; fileEncoding = 4; lastKnownFileType = sourcecode.c.objc; path = SBJsonTokeniser.m; sourceTree = "<group>"; };
		461A281215E283EC005A0813 /* SBJsonUTF8Stream.h */ = {isa = PBXFileReference; fileEncoding = 4; lastKnownFileType = sourcecode.c.h; path = SBJsonUTF8Stream.h; sourceTree = "<group>"; };
		461A281315E283EC005A0813 /* SBJsonUTF8Stream.m */ = {isa = PBXFileReference; fileEncoding = 4; lastKnownFileType = sourcecode.c.objc; path = SBJsonUTF8Stream.m; sourceTree = "<group>"; };
		461A281415E283EC005A0813 /* SBJsonWriter.h */ = {isa = PBXFileReference; fileEncoding = 4; lastKnownFileType = sourcecode.c.h; path = SBJsonWriter.h; sourceTree = "<group>"; };
		461A281515E283EC005A0813 /* SBJsonWriter.m */ = {isa = PBXFileReference; fileEncoding = 4; lastKnownFileType = sourcecode.c.objc; path = SBJsonWriter.m; sourceTree = "<group>"; };
		461C196B15E629F500A5A4D5 /* chrysler.jpeg */ = {isa = PBXFileReference; lastKnownFileType = image.jpeg; path = chrysler.jpeg; sourceTree = "<group>"; };
		4653DE2D15E3720300B016A9 /* RequestSender.h */ = {isa = PBXFileReference; fileEncoding = 4; lastKnownFileType = sourcecode.c.h; path = RequestSender.h; sourceTree = "<group>"; };
		4653DE2E15E3720300B016A9 /* RequestSender.m */ = {isa = PBXFileReference; fileEncoding = 4; lastKnownFileType = sourcecode.c.objc; path = RequestSender.m; sourceTree = "<group>"; };
		4653DE3115E3865900B016A9 /* NSDictionary+RequestAssitant.h */ = {isa = PBXFileReference; fileEncoding = 4; lastKnownFileType = sourcecode.c.h; path = "NSDictionary+RequestAssitant.h"; sourceTree = "<group>"; };
		4653DE3215E3865900B016A9 /* NSDictionary+RequestAssitant.m */ = {isa = PBXFileReference; fileEncoding = 4; lastKnownFileType = sourcecode.c.objc; path = "NSDictionary+RequestAssitant.m"; sourceTree = "<group>"; };
		4679291615E4B000008D0E99 /* UserInfoViewController.h */ = {isa = PBXFileReference; fileEncoding = 4; lastKnownFileType = sourcecode.c.h; path = UserInfoViewController.h; sourceTree = "<group>"; };
		4679291715E4B000008D0E99 /* UserInfoViewController.m */ = {isa = PBXFileReference; fileEncoding = 4; lastKnownFileType = sourcecode.c.objc; path = UserInfoViewController.m; sourceTree = "<group>"; };
		4679291815E4B000008D0E99 /* UserInfoViewController.xib */ = {isa = PBXFileReference; fileEncoding = 4; lastKnownFileType = file.xib; path = UserInfoViewController.xib; sourceTree = "<group>"; };
		4679291D15E52121008D0E99 /* pict.jpeg */ = {isa = PBXFileReference; lastKnownFileType = image.jpeg; path = pict.jpeg; sourceTree = "<group>"; };
/* End PBXFileReference section */

/* Begin PBXFrameworksBuildPhase section */
		461A27C315E270B0005A0813 /* Frameworks */ = {
			isa = PBXFrameworksBuildPhase;
			buildActionMask = 2147483647;
			files = (
				461A27CB15E270B0005A0813 /* UIKit.framework in Frameworks */,
				461A27CD15E270B0005A0813 /* Foundation.framework in Frameworks */,
				461A27CF15E270B0005A0813 /* CoreGraphics.framework in Frameworks */,
			);
			runOnlyForDeploymentPostprocessing = 0;
		};
/* End PBXFrameworksBuildPhase section */

/* Begin PBXGroup section */
		461A27BB15E270AF005A0813 = {
			isa = PBXGroup;
			children = (
				461A27FB15E283D9005A0813 /* SBJSON */,
				461A27D015E270B0005A0813 /* FacebookAPI */,
				461A27C915E270B0005A0813 /* Frameworks */,
				461A27C715E270B0005A0813 /* Products */,
			);
			sourceTree = "<group>";
		};
		461A27C715E270B0005A0813 /* Products */ = {
			isa = PBXGroup;
			children = (
				461A27C615E270B0005A0813 /* FacebookAPI.app */,
			);
			name = Products;
			sourceTree = "<group>";
		};
		461A27C915E270B0005A0813 /* Frameworks */ = {
			isa = PBXGroup;
			children = (
				461A27CA15E270B0005A0813 /* UIKit.framework */,
				461A27CC15E270B0005A0813 /* Foundation.framework */,
				461A27CE15E270B0005A0813 /* CoreGraphics.framework */,
			);
			name = Frameworks;
			sourceTree = "<group>";
		};
		461A27D015E270B0005A0813 /* FacebookAPI */ = {
			isa = PBXGroup;
			children = (
				4679291C15E520FF008D0E99 /* Resources */,
				461A27D915E270B0005A0813 /* AppDelegate.h */,
				461A27DA15E270B0005A0813 /* AppDelegate.m */,
				461A27DC15E270B0005A0813 /* ViewController.h */,
				461A27DD15E270B0005A0813 /* ViewController.m */,
				461A27DF15E270B0005A0813 /* ViewController.xib */,
				461A27D115E270B0005A0813 /* Supporting Files */,
				4653DE2D15E3720300B016A9 /* RequestSender.h */,
				4653DE2E15E3720300B016A9 /* RequestSender.m */,
				4653DE3115E3865900B016A9 /* NSDictionary+RequestAssitant.h */,
				4653DE3215E3865900B016A9 /* NSDictionary+RequestAssitant.m */,
				4679291615E4B000008D0E99 /* UserInfoViewController.h */,
				4679291715E4B000008D0E99 /* UserInfoViewController.m */,
				4679291815E4B000008D0E99 /* UserInfoViewController.xib */,
			);
			path = FacebookAPI;
			sourceTree = "<group>";
		};
		461A27D115E270B0005A0813 /* Supporting Files */ = {
			isa = PBXGroup;
			children = (
				461A27D215E270B0005A0813 /* FacebookAPI-Info.plist */,
				461A27D315E270B0005A0813 /* InfoPlist.strings */,
				461A27D615E270B0005A0813 /* main.m */,
				461A27D815E270B0005A0813 /* FacebookAPI-Prefix.pch */,
			);
			name = "Supporting Files";
			sourceTree = "<group>";
		};
		461A27FB15E283D9005A0813 /* SBJSON */ = {
			isa = PBXGroup;
			children = (
				461A27FC15E283EC005A0813 /* Classes */,
			);
			name = SBJSON;
			sourceTree = "<group>";
		};
		461A27FC15E283EC005A0813 /* Classes */ = {
			isa = PBXGroup;
			children = (
				461A27FD15E283EC005A0813 /* NSObject+SBJson.h */,
				461A27FE15E283EC005A0813 /* NSObject+SBJson.m */,
				461A27FF15E283EC005A0813 /* SBJson.h */,
				461A280015E283EC005A0813 /* SBJsonParser.h */,
				461A280115E283EC005A0813 /* SBJsonParser.m */,
				461A280215E283EC005A0813 /* SBJsonStreamParser.h */,
				461A280315E283EC005A0813 /* SBJsonStreamParser.m */,
				461A280415E283EC005A0813 /* SBJsonStreamParserAccumulator.h */,
				461A280515E283EC005A0813 /* SBJsonStreamParserAccumulator.m */,
				461A280615E283EC005A0813 /* SBJsonStreamParserAdapter.h */,
				461A280715E283EC005A0813 /* SBJsonStreamParserAdapter.m */,
				461A280815E283EC005A0813 /* SBJsonStreamParserState.h */,
				461A280915E283EC005A0813 /* SBJsonStreamParserState.m */,
				461A280A15E283EC005A0813 /* SBJsonStreamWriter.h */,
				461A280B15E283EC005A0813 /* SBJsonStreamWriter.m */,
				461A280C15E283EC005A0813 /* SBJsonStreamWriterAccumulator.h */,
				461A280D15E283EC005A0813 /* SBJsonStreamWriterAccumulator.m */,
				461A280E15E283EC005A0813 /* SBJsonStreamWriterState.h */,
				461A280F15E283EC005A0813 /* SBJsonStreamWriterState.m */,
				461A281015E283EC005A0813 /* SBJsonTokeniser.h */,
				461A281115E283EC005A0813 /* SBJsonTokeniser.m */,
				461A281215E283EC005A0813 /* SBJsonUTF8Stream.h */,
				461A281315E283EC005A0813 /* SBJsonUTF8Stream.m */,
				461A281415E283EC005A0813 /* SBJsonWriter.h */,
				461A281515E283EC005A0813 /* SBJsonWriter.m */,
			);
			path = Classes;
			sourceTree = "<group>";
		};
		4679291C15E520FF008D0E99 /* Resources */ = {
			isa = PBXGroup;
			children = (
				461C196B15E629F500A5A4D5 /* chrysler.jpeg */,
				4679291D15E52121008D0E99 /* pict.jpeg */,
			);
			name = Resources;
			sourceTree = "<group>";
		};
/* End PBXGroup section */

/* Begin PBXNativeTarget section */
		461A27C515E270B0005A0813 /* FacebookAPI */ = {
			isa = PBXNativeTarget;
			buildConfigurationList = 461A27E415E270B0005A0813 /* Build configuration list for PBXNativeTarget "FacebookAPI" */;
			buildPhases = (
				461A27C215E270B0005A0813 /* Sources */,
				461A27C315E270B0005A0813 /* Frameworks */,
				461A27C415E270B0005A0813 /* Resources */,
			);
			buildRules = (
			);
			dependencies = (
			);
			name = FacebookAPI;
			productName = FacebookAPI;
			productReference = 461A27C615E270B0005A0813 /* FacebookAPI.app */;
			productType = "com.apple.product-type.application";
		};
/* End PBXNativeTarget section */

/* Begin PBXProject section */
		461A27BD15E270AF005A0813 /* Project object */ = {
			isa = PBXProject;
			attributes = {
				LastUpgradeCheck = 0420;
			};
			buildConfigurationList = 461A27C015E270AF005A0813 /* Build configuration list for PBXProject "FacebookAPI" */;
			compatibilityVersion = "Xcode 3.2";
			developmentRegion = English;
			hasScannedForEncodings = 0;
			knownRegions = (
				en,
			);
			mainGroup = 461A27BB15E270AF005A0813;
			productRefGroup = 461A27C715E270B0005A0813 /* Products */;
			projectDirPath = "";
			projectRoot = "";
			targets = (
				461A27C515E270B0005A0813 /* FacebookAPI */,
			);
		};
/* End PBXProject section */

/* Begin PBXResourcesBuildPhase section */
		461A27C415E270B0005A0813 /* Resources */ = {
			isa = PBXResourcesBuildPhase;
			buildActionMask = 2147483647;
			files = (
				461A27D515E270B0005A0813 /* InfoPlist.strings in Resources */,
				461A27E115E270B0005A0813 /* ViewController.xib in Resources */,
				4679291A15E4B000008D0E99 /* UserInfoViewController.xib in Resources */,
				4679291E15E52121008D0E99 /* pict.jpeg in Resources */,
				461C196C15E629F500A5A4D5 /* chrysler.jpeg in Resources */,
			);
			runOnlyForDeploymentPostprocessing = 0;
		};
/* End PBXResourcesBuildPhase section */

/* Begin PBXSourcesBuildPhase section */
		461A27C215E270B0005A0813 /* Sources */ = {
			isa = PBXSourcesBuildPhase;
			buildActionMask = 2147483647;
			files = (
				461A27D715E270B0005A0813 /* main.m in Sources */,
				461A27DB15E270B0005A0813 /* AppDelegate.m in Sources */,
				461A27DE15E270B0005A0813 /* ViewController.m in Sources */,
				461A281615E283EC005A0813 /* NSObject+SBJson.m in Sources */,
				461A281715E283EC005A0813 /* SBJsonParser.m in Sources */,
				461A281815E283EC005A0813 /* SBJsonStreamParser.m in Sources */,
				461A281915E283EC005A0813 /* SBJsonStreamParserAccumulator.m in Sources */,
				461A281A15E283EC005A0813 /* SBJsonStreamParserAdapter.m in Sources */,
				461A281B15E283EC005A0813 /* SBJsonStreamParserState.m in Sources */,
				461A281C15E283EC005A0813 /* SBJsonStreamWriter.m in Sources */,
				461A281D15E283EC005A0813 /* SBJsonStreamWriterAccumulator.m in Sources */,
				461A281E15E283EC005A0813 /* SBJsonStreamWriterState.m in Sources */,
				461A281F15E283EC005A0813 /* SBJsonTokeniser.m in Sources */,
				461A282015E283EC005A0813 /* SBJsonUTF8Stream.m in Sources */,
				461A282115E283EC005A0813 /* SBJsonWriter.m in Sources */,
				4653DE2F15E3720300B016A9 /* RequestSender.m in Sources */,
				4653DE3315E3865900B016A9 /* NSDictionary+RequestAssitant.m in Sources */,
				4679291915E4B000008D0E99 /* UserInfoViewController.m in Sources */,
			);
			runOnlyForDeploymentPostprocessing = 0;
		};
/* End PBXSourcesBuildPhase section */

/* Begin PBXVariantGroup section */
		461A27D315E270B0005A0813 /* InfoPlist.strings */ = {
			isa = PBXVariantGroup;
			children = (
				461A27D415E270B0005A0813 /* en */,
			);
			name = InfoPlist.strings;
			sourceTree = "<group>";
		};
		461A27DF15E270B0005A0813 /* ViewController.xib */ = {
			isa = PBXVariantGroup;
			children = (
				461A27E015E270B0005A0813 /* en */,
			);
			name = ViewController.xib;
			sourceTree = "<group>";
		};
/* End PBXVariantGroup section */

/* Begin XCBuildConfiguration section */
		461A27E215E270B0005A0813 /* Debug */ = {
			isa = XCBuildConfiguration;
			buildSettings = {
				ALWAYS_SEARCH_USER_PATHS = NO;
				ARCHS = "$(ARCHS_STANDARD_32_BIT)";
				CLANG_ENABLE_OBJC_ARC = YES;
				"CODE_SIGN_IDENTITY[sdk=iphoneos*]" = "iPhone Developer";
				COPY_PHASE_STRIP = NO;
				GCC_C_LANGUAGE_STANDARD = gnu99;
				GCC_DYNAMIC_NO_PIC = NO;
				GCC_OPTIMIZATION_LEVEL = 0;
				GCC_PREPROCESSOR_DEFINITIONS = (
					"DEBUG=1",
					"$(inherited)",
				);
				GCC_SYMBOLS_PRIVATE_EXTERN = NO;
				GCC_VERSION = com.apple.compilers.llvm.clang.1_0;
				GCC_WARN_ABOUT_MISSING_PROTOTYPES = YES;
				GCC_WARN_ABOUT_RETURN_TYPE = YES;
				GCC_WARN_UNUSED_VARIABLE = YES;
				IPHONEOS_DEPLOYMENT_TARGET = 5.0;
				SDKROOT = iphoneos;
			};
			name = Debug;
		};
		461A27E315E270B0005A0813 /* Release */ = {
			isa = XCBuildConfiguration;
			buildSettings = {
				ALWAYS_SEARCH_USER_PATHS = NO;
				ARCHS = "$(ARCHS_STANDARD_32_BIT)";
				CLANG_ENABLE_OBJC_ARC = YES;
				"CODE_SIGN_IDENTITY[sdk=iphoneos*]" = "iPhone Developer";
				COPY_PHASE_STRIP = YES;
				GCC_C_LANGUAGE_STANDARD = gnu99;
				GCC_VERSION = com.apple.compilers.llvm.clang.1_0;
				GCC_WARN_ABOUT_MISSING_PROTOTYPES = YES;
				GCC_WARN_ABOUT_RETURN_TYPE = YES;
				GCC_WARN_UNUSED_VARIABLE = YES;
				IPHONEOS_DEPLOYMENT_TARGET = 5.0;
				OTHER_CFLAGS = "-DNS_BLOCK_ASSERTIONS=1";
				SDKROOT = iphoneos;
				VALIDATE_PRODUCT = YES;
			};
			name = Release;
		};
		461A27E515E270B0005A0813 /* Debug */ = {
			isa = XCBuildConfiguration;
			buildSettings = {
				GCC_PRECOMPILE_PREFIX_HEADER = YES;
				GCC_PREFIX_HEADER = "FacebookAPI/FacebookAPI-Prefix.pch";
				INFOPLIST_FILE = "FacebookAPI/FacebookAPI-Info.plist";
				PRODUCT_NAME = "$(TARGET_NAME)";
				WRAPPER_EXTENSION = app;
			};
			name = Debug;
		};
		461A27E615E270B0005A0813 /* Release */ = {
			isa = XCBuildConfiguration;
			buildSettings = {
				GCC_PRECOMPILE_PREFIX_HEADER = YES;
				GCC_PREFIX_HEADER = "FacebookAPI/FacebookAPI-Prefix.pch";
				INFOPLIST_FILE = "FacebookAPI/FacebookAPI-Info.plist";
				PRODUCT_NAME = "$(TARGET_NAME)";
				WRAPPER_EXTENSION = app;
			};
			name = Release;
		};
/* End XCBuildConfiguration section */

/* Begin XCConfigurationList section */
		461A27C015E270AF005A0813 /* Build configuration list for PBXProject "FacebookAPI" */ = {
			isa = XCConfigurationList;
			buildConfigurations = (
				461A27E215E270B0005A0813 /* Debug */,
				461A27E315E270B0005A0813 /* Release */,
			);
			defaultConfigurationIsVisible = 0;
			defaultConfigurationName = Release;
		};
		461A27E415E270B0005A0813 /* Build configuration list for PBXNativeTarget "FacebookAPI" */ = {
			isa = XCConfigurationList;
			buildConfigurations = (
				461A27E515E270B0005A0813 /* Debug */,
				461A27E615E270B0005A0813 /* Release */,
			);
			defaultConfigurationIsVisible = 0;
			defaultConfigurationName = Release;
		};
/* End XCConfigurationList section */
	};
	rootObject = 461A27BD15E270AF005A0813 /* Project object */;
}
